// !$*UTF8*$!
{
	archiveVersion = 1;
	classes = {
	};
	objectVersion = 77;
	objects = {

/* Begin PBXBuildFile section */
		768F9BA9305184C900450144 /* AppDelegate.swift in Sources */ = {isa = PBXBuildFile; fileRef = 768F9BA8305184C900450144 /* AppDelegate.swift */; };
		768F9BAB305184C900450144 /* SceneDelegate.swift in Sources */ = {isa = PBXBuildFile; fileRef = 768F9BAA305184C900450144 /* SceneDelegate.swift */; };
		768F9BAE305184C900450144 /* LaunchScreen.storyboard in Resources */ = {isa = PBXBuildFile; fileRef = 768F9BAC305184C900450144 /* LaunchScreen.storyboard */; };
		768F9BB1305184C900450144 /* Main.storyboard in Resources */ = {isa = PBXBuildFile; fileRef = 768F9BAF305184C900450144 /* Main.storyboard */; };
		768F9BBA305184C900450144 /* AppDelegate.swift in Sources */ = {isa = PBXBuildFile; fileRef = 768F9BB9305184C900450144 /* AppDelegate.swift */; };
		768F9BBD305184C900450144 /* Main.storyboard in Resources */ = {isa = PBXBuildFile; fileRef = 768F9BBB305184C900450144 /* Main.storyboard */; };
		768F9BC4305184C900450144 /* QuickGlot Extension.appex in Embed Foundation Extensions */ = {isa = PBXBuildFile; fileRef = 768F9BC3305184C900450144 /* QuickGlot Extension.appex */; settings = {ATTRIBUTES = (RemoveHeadersOnCopy, ); }; };
		768F9BCE305184C900450144 /* QuickGlot Extension.appex in Embed Foundation Extensions */ = {isa = PBXBuildFile; fileRef = 768F9BCD305184C900450144 /* QuickGlot Extension.appex */; settings = {ATTRIBUTES = (RemoveHeadersOnCopy, ); }; };
		768F9BD3305184C900450144 /* Main.html in Resources */ = {isa = PBXBuildFile; fileRef = 768F9B98305184C900450144 /* Main.html */; };
		768F9BD4305184C900450144 /* Main.html in Resources */ = {isa = PBXBuildFile; fileRef = 768F9B98305184C900450144 /* Main.html */; };
		768F9BD5305184C900450144 /* Icon.png in Resources */ = {isa = PBXBuildFile; fileRef = 768F9B9A305184C900450144 /* Icon.png */; };
		768F9BD6305184C900450144 /* Icon.png in Resources */ = {isa = PBXBuildFile; fileRef = 768F9B9A305184C900450144 /* Icon.png */; };
		768F9BD7305184C900450144 /* Style.css in Resources */ = {isa = PBXBuildFile; fileRef = 768F9B9B305184C900450144 /* Style.css */; };
		768F9BD8305184C900450144 /* Style.css in Resources */ = {isa = PBXBuildFile; fileRef = 768F9B9B305184C900450144 /* Style.css */; };
		768F9BD9305184C900450144 /* Script.js in Resources */ = {isa = PBXBuildFile; fileRef = 768F9B9C305184C900450144 /* Script.js */; };
		768F9BDA305184C900450144 /* Script.js in Resources */ = {isa = PBXBuildFile; fileRef = 768F9B9C305184C900450144 /* Script.js */; };
		768F9BDB305184C900450144 /* ViewController.swift in Sources */ = {isa = PBXBuildFile; fileRef = 768F9B9D305184C900450144 /* ViewController.swift */; };
		768F9BDC305184C900450144 /* ViewController.swift in Sources */ = {isa = PBXBuildFile; fileRef = 768F9B9D305184C900450144 /* ViewController.swift */; };
		768F9BDD305184C900450144 /* Assets.xcassets in Resources */ = {isa = PBXBuildFile; fileRef = 768F9B9E305184C900450144 /* Assets.xcassets */; };
		768F9BDE305184C900450144 /* Assets.xcassets in Resources */ = {isa = PBXBuildFile; fileRef = 768F9B9E305184C900450144 /* Assets.xcassets */; };
		768F9BDF305184C900450144 /* SafariWebExtensionHandler.swift in Sources */ = {isa = PBXBuildFile; fileRef = 768F9BA0305184C900450144 /* SafariWebExtensionHandler.swift */; };
		768F9BE0305184C900450144 /* SafariWebExtensionHandler.swift in Sources */ = {isa = PBXBuildFile; fileRef = 768F9BA0305184C900450144 /* SafariWebExtensionHandler.swift */; };
		768F9BFA305184CA00450144 /* popup.js in Resources */ = {isa = PBXBuildFile; fileRef = 768F9BF2305184CA00450144 /* popup.js */; };
		768F9BFB305184CA00450144 /* background.js in Resources */ = {isa = PBXBuildFile; fileRef = 768F9BF3305184CA00450144 /* background.js */; };
		768F9BFC305184CA00450144 /* popup.html in Resources */ = {isa = PBXBuildFile; fileRef = 768F9BF4305184CA00450144 /* popup.html */; };
		768F9BFD305184CA00450144 /* icons in Resources */ = {isa = PBXBuildFile; fileRef = 768F9BF5305184CA00450144 /* icons */; };
		768F9BFE305184CA00450144 /* manifest.json in Resources */ = {isa = PBXBuildFile; fileRef = 768F9BF6305184CA00450144 /* manifest.json */; };
		768F9BFF305184CA00450144 /* popup.css in Resources */ = {isa = PBXBuildFile; fileRef = 768F9BF7305184CA00450144 /* popup.css */; };
		768F9C00305184CA00450144 /* _locales in Resources */ = {isa = PBXBuildFile; fileRef = 768F9BF8305184CA00450144 /* _locales */; };
		768F9C01305184CA00450144 /* content.js in Resources */ = {isa = PBXBuildFile; fileRef = 768F9BF9305184CA00450144 /* content.js */; };
		768F9C02305184CA00450144 /* popup.js in Resources */ = {isa = PBXBuildFile; fileRef = 768F9BF2305184CA00450144 /* popup.js */; };
		768F9C03305184CA00450144 /* background.js in Resources */ = {isa = PBXBuildFile; fileRef = 768F9BF3305184CA00450144 /* background.js */; };
		768F9C04305184CA00450144 /* popup.html in Resources */ = {isa = PBXBuildFile; fileRef = 768F9BF4305184CA00450144 /* popup.html */; };
		768F9C05305184CA00450144 /* icons in Resources */ = {isa = PBXBuildFile; fileRef = 768F9BF5305184CA00450144 /* icons */; };
		768F9C06305184CA00450144 /* manifest.json in Resources */ = {isa = PBXBuildFile; fileRef = 768F9BF6305184CA00450144 /* manifest.json */; };
		768F9C07305184CA00450144 /* popup.css in Resources */ = {isa = PBXBuildFile; fileRef = 768F9BF7305184CA00450144 /* popup.css */; };
		768F9C08305184CA00450144 /* _locales in Resources */ = {isa = PBXBuildFile; fileRef = 768F9BF8305184CA00450144 /* _locales */; };
		768F9C09305184CA00450144 /* content.js in Resources */ = {isa = PBXBuildFile; fileRef = 768F9BF9305184CA00450144 /* content.js */; };
/* End PBXBuildFile section */

/* Begin PBXContainerItemProxy section */
		768F9BC5305184C900450144 /* PBXContainerItemProxy */ = {
			isa = PBXContainerItemProxy;
			containerPortal = 768F9B92305184C900450144 /* Project object */;
			proxyType = 1;
			remoteGlobalIDString = 768F9BC2305184C900450144;
			remoteInfo = "QuickGlot Extension (iOS)";
		};
		768F9BCF305184C900450144 /* PBXContainerItemProxy */ = {
			isa = PBXContainerItemProxy;
			containerPortal = 768F9B92305184C900450144 /* Project object */;
			proxyType = 1;
			remoteGlobalIDString = 768F9BCC305184C900450144;
			remoteInfo = "QuickGlot Extension (macOS)";
		};
/* End PBXContainerItemProxy section */

/* Begin PBXCopyFilesBuildPhase section */
		768F9BE6305184C900450144 /* Embed Foundation Extensions */ = {
			isa = PBXCopyFilesBuildPhase;
			buildActionMask = 2147483647;
			dstPath = "";
			dstSubfolderSpec = 13;
			files = (
				768F9BC4305184C900450144 /* QuickGlot Extension.appex in Embed Foundation Extensions */,
			);
			name = "Embed Foundation Extensions";
			runOnlyForDeploymentPostprocessing = 0;
		};
		768F9BED305184C900450144 /* Embed Foundation Extensions */ = {
			isa = PBXCopyFilesBuildPhase;
			buildActionMask = 2147483647;
			dstPath = "";
			dstSubfolderSpec = 13;
			files = (
				768F9BCE305184C900450144 /* QuickGlot Extension.appex in Embed Foundation Extensions */,
			);
			name = "Embed Foundation Extensions";
			runOnlyForDeploymentPostprocessing = 0;
		};
/* End PBXCopyFilesBuildPhase section */

/* Begin PBXFileReference section */
		768F9B99305184C900450144 /* Base */ = {isa = PBXFileReference; lastKnownFileType = text.html; name = Base; path = Base.lproj/Main.html; sourceTree = "<group>"; };
		768F9B9A305184C900450144 /* Icon.png */ = {isa = PBXFileReference; lastKnownFileType = image.png; path = Icon.png; sourceTree = "<group>"; };
		768F9B9B305184C900450144 /* Style.css */ = {isa = PBXFileReference; lastKnownFileType = text.css; path = Style.css; sourceTree = "<group>"; };
		768F9B9C305184C900450144 /* Script.js */ = {isa = PBXFileReference; lastKnownFileType = sourcecode.javascript; path = Script.js; sourceTree = "<group>"; };
		768F9B9D305184C900450144 /* ViewController.swift */ = {isa = PBXFileReference; lastKnownFileType = sourcecode.swift; path = ViewController.swift; sourceTree = "<group>"; };
		768F9B9E305184C900450144 /* Assets.xcassets */ = {isa = PBXFileReference; lastKnownFileType = folder.assetcatalog; path = Assets.xcassets; sourceTree = "<group>"; };
		768F9BA0305184C900450144 /* SafariWebExtensionHandler.swift */ = {isa = PBXFileReference; lastKnownFileType = sourcecode.swift; path = SafariWebExtensionHandler.swift; sourceTree = "<group>"; };
		768F9BA5305184C900450144 /* QuickGlot.app */ = {isa = PBXFileReference; explicitFileType = wrapper.application; includeInIndex = 0; path = QuickGlot.app; sourceTree = BUILT_PRODUCTS_DIR; };
		768F9BA8305184C900450144 /* AppDelegate.swift */ = {isa = PBXFileReference; lastKnownFileType = sourcecode.swift; path = AppDelegate.swift; sourceTree = "<group>"; };
		768F9BAA305184C900450144 /* SceneDelegate.swift */ = {isa = PBXFileReference; lastKnownFileType = sourcecode.swift; path = SceneDelegate.swift; sourceTree = "<group>"; };
		768F9BAD305184C900450144 /* Base */ = {isa = PBXFileReference; lastKnownFileType = file.storyboard; name = Base; path = Base.lproj/LaunchScreen.storyboard; sourceTree = "<group>"; };
		768F9BB0305184C900450144 /* Base */ = {isa = PBXFileReference; lastKnownFileType = file.storyboard; name = Base; path = Base.lproj/Main.storyboard; sourceTree = "<group>"; };
		768F9BB2305184C900450144 /* Info.plist */ = {isa = PBXFileReference; lastKnownFileType = text.plist.xml; path = Info.plist; sourceTree = "<group>"; };
		768F9BB7305184C900450144 /* QuickGlot.app */ = {isa = PBXFileReference; explicitFileType = wrapper.application; includeInIndex = 0; path = QuickGlot.app; sourceTree = BUILT_PRODUCTS_DIR; };
		768F9BB9305184C900450144 /* AppDelegate.swift */ = {isa = PBXFileReference; lastKnownFileType = sourcecode.swift; path = AppDelegate.swift; sourceTree = "<group>"; };
		768F9BBC305184C900450144 /* Base */ = {isa = PBXFileReference; lastKnownFileType = file.storyboard; name = Base; path = Base.lproj/Main.storyboard; sourceTree = "<group>"; };
		768F9BBE305184C900450144 /* Info.plist */ = {isa = PBXFileReference; lastKnownFileType = text.plist.xml; path = Info.plist; sourceTree = "<group>"; };
		768F9BC3305184C900450144 /* QuickGlot Extension.appex */ = {isa = PBXFileReference; explicitFileType = "wrapper.app-extension"; includeInIndex = 0; path = "QuickGlot Extension.appex"; sourceTree = BUILT_PRODUCTS_DIR; };
		768F9BC8305184C900450144 /* Info.plist */ = {isa = PBXFileReference; lastKnownFileType = text.plist.xml; path = Info.plist; sourceTree = "<group>"; };
		768F9BCD305184C900450144 /* QuickGlot Extension.appex */ = {isa = PBXFileReference; explicitFileType = "wrapper.app-extension"; includeInIndex = 0; path = "QuickGlot Extension.appex"; sourceTree = BUILT_PRODUCTS_DIR; };
		768F9BD2305184C900450144 /* Info.plist */ = {isa = PBXFileReference; lastKnownFileType = text.plist.xml; path = Info.plist; sourceTree = "<group>"; };
		768F9BF2305184CA00450144 /* popup.js */ = {isa = PBXFileReference; lastKnownFileType = sourcecode.javascript; name = popup.js; path = ../../../dist/popup.js; sourceTree = "<group>"; };
		768F9BF3305184CA00450144 /* background.js */ = {isa = PBXFileReference; lastKnownFileType = sourcecode.javascript; name = background.js; path = ../../../dist/background.js; sourceTree = "<group>"; };
		768F9BF4305184CA00450144 /* popup.html */ = {isa = PBXFileReference; lastKnownFileType = text.html; name = popup.html; path = ../../../dist/popup.html; sourceTree = "<group>"; };
		768F9BF5305184CA00450144 /* icons */ = {isa = PBXFileReference; lastKnownFileType = folder; name = icons; path = ../../../dist/icons; sourceTree = "<group>"; };
		768F9BF6305184CA00450144 /* manifest.json */ = {isa = PBXFileReference; lastKnownFileType = text.json; name = manifest.json; path = ../../../dist/manifest.json; sourceTree = "<group>"; };
		768F9BF7305184CA00450144 /* popup.css */ = {isa = PBXFileReference; lastKnownFileType = text.css; name = popup.css; path = ../../../dist/popup.css; sourceTree = "<group>"; };
		768F9BF8305184CA00450144 /* _locales */ = {isa = PBXFileReference; lastKnownFileType = folder; name = _locales; path = ../../../dist/_locales; sourceTree = "<group>"; };
		768F9BF9305184CA00450144 /* content.js */ = {isa = PBXFileReference; lastKnownFileType = sourcecode.javascript; name = content.js; path = ../../../dist/content.js; sourceTree = "<group>"; };
/* End PBXFileReference section */

/* Begin PBXFrameworksBuildPhase section */
		768F9BA2305184C900450144 /* Frameworks */ = {
			isa = PBXFrameworksBuildPhase;
			buildActionMask = 2147483647;
			files = (
			);
			runOnlyForDeploymentPostprocessing = 0;
		};
		768F9BB4305184C900450144 /* Frameworks */ = {
			isa = PBXFrameworksBuildPhase;
			buildActionMask = 2147483647;
			files = (
			);
			runOnlyForDeploymentPostprocessing = 0;
		};
		768F9BC0305184C900450144 /* Frameworks */ = {
			isa = PBXFrameworksBuildPhase;
			buildActionMask = 2147483647;
			files = (
			);
			runOnlyForDeploymentPostprocessing = 0;
		};
		768F9BCA305184C900450144 /* Frameworks */ = {
			isa = PBXFrameworksBuildPhase;
			buildActionMask = 2147483647;
			files = (
			);
			runOnlyForDeploymentPostprocessing = 0;
		};
/* End PBXFrameworksBuildPhase section */

/* Begin PBXGroup section */
		768F9B91305184C900450144 = {
			isa = PBXGroup;
			children = (
				768F9B96305184C900450144 /* Shared (App) */,
				768F9B9F305184C900450144 /* Shared (Extension) */,
				768F9BA7305184C900450144 /* iOS (App) */,
				768F9BB8305184C900450144 /* macOS (App) */,
				768F9BC7305184C900450144 /* iOS (Extension) */,
				768F9BD1305184C900450144 /* macOS (Extension) */,
				768F9BA6305184C900450144 /* Products */,
			);
			sourceTree = "<group>";
		};
		768F9B96305184C900450144 /* Shared (App) */ = {
			isa = PBXGroup;
			children = (
				768F9B9D305184C900450144 /* ViewController.swift */,
				768F9B9E305184C900450144 /* Assets.xcassets */,
				768F9B97305184C900450144 /* Resources */,
			);
			path = "Shared (App)";
			sourceTree = "<group>";
		};
		768F9B97305184C900450144 /* Resources */ = {
			isa = PBXGroup;
			children = (
				768F9B98305184C900450144 /* Main.html */,
				768F9B9A305184C900450144 /* Icon.png */,
				768F9B9B305184C900450144 /* Style.css */,
				768F9B9C305184C900450144 /* Script.js */,
			);
			path = Resources;
			sourceTree = "<group>";
		};
		768F9B9F305184C900450144 /* Shared (Extension) */ = {
			isa = PBXGroup;
			children = (
				768F9BF1305184CA00450144 /* Resources */,
				768F9BA0305184C900450144 /* SafariWebExtensionHandler.swift */,
			);
			path = "Shared (Extension)";
			sourceTree = "<group>";
		};
		768F9BA6305184C900450144 /* Products */ = {
			isa = PBXGroup;
			children = (
				768F9BA5305184C900450144 /* QuickGlot.app */,
				768F9BB7305184C900450144 /* QuickGlot.app */,
				768F9BC3305184C900450144 /* QuickGlot Extension.appex */,
				768F9BCD305184C900450144 /* QuickGlot Extension.appex */,
			);
			name = Products;
			sourceTree = "<group>";
		};
		768F9BA7305184C900450144 /* iOS (App) */ = {
			isa = PBXGroup;
			children = (
				768F9BA8305184C900450144 /* AppDelegate.swift */,
				768F9BAA305184C900450144 /* SceneDelegate.swift */,
				768F9BAC305184C900450144 /* LaunchScreen.storyboard */,
				768F9BAF305184C900450144 /* Main.storyboard */,
				768F9BB2305184C900450144 /* Info.plist */,
			);
			path = "iOS (App)";
			sourceTree = "<group>";
		};
		768F9BB8305184C900450144 /* macOS (App) */ = {
			isa = PBXGroup;
			children = (
				768F9BB9305184C900450144 /* AppDelegate.swift */,
				768F9BBB305184C900450144 /* Main.storyboard */,
				768F9BBE305184C900450144 /* Info.plist */,
			);
			path = "macOS (App)";
			sourceTree = "<group>";
		};
		768F9BC7305184C900450144 /* iOS (Extension) */ = {
			isa = PBXGroup;
			children = (
				768F9BC8305184C900450144 /* Info.plist */,
			);
			path = "iOS (Extension)";
			sourceTree = "<group>";
		};
		768F9BD1305184C900450144 /* macOS (Extension) */ = {
			isa = PBXGroup;
			children = (
				768F9BD2305184C900450144 /* Info.plist */,
			);
			path = "macOS (Extension)";
			sourceTree = "<group>";
		};
		768F9BF1305184CA00450144 /* Resources */ = {
			isa = PBXGroup;
			children = (
				768F9BF2305184CA00450144 /* popup.js */,
				768F9BF3305184CA00450144 /* background.js */,
				768F9BF4305184CA00450144 /* popup.html */,
				768F9BF5305184CA00450144 /* icons */,
				768F9BF6305184CA00450144 /* manifest.json */,
				768F9BF7305184CA00450144 /* popup.css */,
				768F9BF8305184CA00450144 /* _locales */,
				768F9BF9305184CA00450144 /* content.js */,
			);
			name = Resources;
			path = "Shared (Extension)";
			sourceTree = SOURCE_ROOT;
		};
/* End PBXGroup section */

/* Begin PBXNativeTarget section */
		768F9BA4305184C900450144 /* QuickGlot (iOS) */ = {
			isa = PBXNativeTarget;
			buildConfigurationList = 768F9BE7305184C900450144 /* Build configuration list for PBXNativeTarget "QuickGlot (iOS)" */;
			buildPhases = (
				768F9BA1305184C900450144 /* Sources */,
				768F9BA2305184C900450144 /* Frameworks */,
				768F9BA3305184C900450144 /* Resources */,
				768F9BE6305184C900450144 /* Embed Foundation Extensions */,
			);
			buildRules = (
			);
			dependencies = (
				768F9BC6305184C900450144 /* PBXTargetDependency */,
			);
			name = "QuickGlot (iOS)";
			packageProductDependencies = (
			);
			productName = "QuickGlot (iOS)";
			productReference = 768F9BA5305184C900450144 /* QuickGlot.app */;
			productType = "com.apple.product-type.application";
		};
		768F9BB6305184C900450144 /* QuickGlot (macOS) */ = {
			isa = PBXNativeTarget;
			buildConfigurationList = 768F9BEE305184C900450144 /* Build configuration list for PBXNativeTarget "QuickGlot (macOS)" */;
			buildPhases = (
				768F9BB3305184C900450144 /* Sources */,
				768F9BB4305184C900450144 /* Frameworks */,
				768F9BB5305184C900450144 /* Resources */,
				768F9BED305184C900450144 /* Embed Foundation Extensions */,
			);
			buildRules = (
			);
			dependencies = (
				768F9BD0305184C900450144 /* PBXTargetDependency */,
			);
			name = "QuickGlot (macOS)";
			packageProductDependencies = (
			);
			productName = "QuickGlot (macOS)";
			productReference = 768F9BB7305184C900450144 /* QuickGlot.app */;
			productType = "com.apple.product-type.application";
		};
		768F9BC2305184C900450144 /* QuickGlot Extension (iOS) */ = {
			isa = PBXNativeTarget;
			buildConfigurationList = 768F9BE3305184C900450144 /* Build configuration list for PBXNativeTarget "QuickGlot Extension (iOS)" */;
			buildPhases = (
				768F9BBF305184C900450144 /* Sources */,
				768F9BC0305184C900450144 /* Frameworks */,
				768F9BC1305184C900450144 /* Resources */,
			);
			buildRules = (
			);
			dependencies = (
			);
			name = "QuickGlot Extension (iOS)";
			packageProductDependencies = (
			);
			productName = "QuickGlot Extension (iOS)";
			productReference = 768F9BC3305184C900450144 /* QuickGlot Extension.appex */;
			productType = "com.apple.product-type.app-extension";
		};
		768F9BCC305184C900450144 /* QuickGlot Extension (macOS) */ = {
			isa = PBXNativeTarget;
			buildConfigurationList = 768F9BEA305184C900450144 /* Build configuration list for PBXNativeTarget "QuickGlot Extension (macOS)" */;
			buildPhases = (
				768F9BC9305184C900450144 /* Sources */,
				768F9BCA305184C900450144 /* Frameworks */,
				768F9BCB305184C900450144 /* Resources */,
			);
			buildRules = (
			);
			dependencies = (
			);
			name = "QuickGlot Extension (macOS)";
			packageProductDependencies = (
			);
			productName = "QuickGlot Extension (macOS)";
			productReference = 768F9BCD305184C900450144 /* QuickGlot Extension.appex */;
			productType = "com.apple.product-type.app-extension";
		};
/* End PBXNativeTarget section */

/* Begin PBXProject section */
		768F9B92305184C900450144 /* Project object */ = {
			isa = PBXProject;
			attributes = {
				BuildIndependentTargetsInParallel = 1;
				LastSwiftUpdateCheck = 2660;
				LastUpgradeCheck = 2660;
				TargetAttributes = {
					768F9BA4305184C900450144 = {
						CreatedOnToolsVersion = 26.6;
					};
					768F9BB6305184C900450144 = {
						CreatedOnToolsVersion = 26.6;
					};
					768F9BC2305184C900450144 = {
						CreatedOnToolsVersion = 26.6;
					};
					768F9BCC305184C900450144 = {
						CreatedOnToolsVersion = 26.6;
					};
				};
			};
			buildConfigurationList = 768F9B95305184C900450144 /* Build configuration list for PBXProject "QuickGlot" */;
			developmentRegion = en;
			hasScannedForEncodings = 0;
			knownRegions = (
				en,
				Base,
			);
			mainGroup = 768F9B91305184C900450144;
			minimizedProjectReferenceProxies = 1;
			preferredProjectObjectVersion = 77;
			productRefGroup = 768F9BA6305184C900450144 /* Products */;
			projectDirPath = "";
			projectRoot = "";
			targets = (
				768F9BA4305184C900450144 /* QuickGlot (iOS) */,
				768F9BB6305184C900450144 /* QuickGlot (macOS) */,
				768F9BC2305184C900450144 /* QuickGlot Extension (iOS) */,
				768F9BCC305184C900450144 /* QuickGlot Extension (macOS) */,
			);
		};
/* End PBXProject section */

/* Begin PBXResourcesBuildPhase section */
		768F9BA3305184C900450144 /* Resources */ = {
			isa = PBXResourcesBuildPhase;
			buildActionMask = 2147483647;
			files = (
				768F9BD5305184C900450144 /* Icon.png in Resources */,
				768F9BAE305184C900450144 /* LaunchScreen.storyboard in Resources */,
				768F9BD3305184C900450144 /* Main.html in Resources */,
				768F9BD9305184C900450144 /* Script.js in Resources */,
				768F9BDD305184C900450144 /* Assets.xcassets in Resources */,
				768F9BB1305184C900450144 /* Main.storyboard in Resources */,
				768F9BD7305184C900450144 /* Style.css in Resources */,
			);
			runOnlyForDeploymentPostprocessing = 0;
		};
		768F9BB5305184C900450144 /* Resources */ = {
			isa = PBXResourcesBuildPhase;
			buildActionMask = 2147483647;
			files = (
				768F9BD6305184C900450144 /* Icon.png in Resources */,
				768F9BD8305184C900450144 /* Style.css in Resources */,
				768F9BBD305184C900450144 /* Main.storyboard in Resources */,
				768F9BDA305184C900450144 /* Script.js in Resources */,
				768F9BDE305184C900450144 /* Assets.xcassets in Resources */,
				768F9BD4305184C900450144 /* Main.html in Resources */,
			);
			runOnlyForDeploymentPostprocessing = 0;
		};
		768F9BC1305184C900450144 /* Resources */ = {
			isa = PBXResourcesBuildPhase;
			buildActionMask = 2147483647;
			files = (
				768F9C09305184CA00450144 /* content.js in Resources */,
				768F9C03305184CA00450144 /* background.js in Resources */,
				768F9C05305184CA00450144 /* icons in Resources */,
				768F9C07305184CA00450144 /* popup.css in Resources */,
				768F9C06305184CA00450144 /* manifest.json in Resources */,
				768F9C04305184CA00450144 /* popup.html in Resources */,
				768F9C08305184CA00450144 /* _locales in Resources */,
				768F9C02305184CA00450144 /* popup.js in Resources */,
			);
			runOnlyForDeploymentPostprocessing = 0;
		};
		768F9BCB305184C900450144 /* Resources */ = {
			isa = PBXResourcesBuildPhase;
			buildActionMask = 2147483647;
			files = (
				768F9C01305184CA00450144 /* content.js in Resources */,
				768F9BFB305184CA00450144 /* background.js in Resources */,
				768F9BFD305184CA00450144 /* icons in Resources */,
				768F9BFF305184CA00450144 /* popup.css in Resources */,
				768F9BFE305184CA00450144 /* manifest.json in Resources */,
				768F9BFC305184CA00450144 /* popup.html in Resources */,
				768F9C00305184CA00450144 /* _locales in Resources */,
				768F9BFA305184CA00450144 /* popup.js in Resources */,
			);
			runOnlyForDeploymentPostprocessing = 0;
		};
/* End PBXResourcesBuildPhase section */

/* Begin PBXSourcesBuildPhase section */
		768F9BA1305184C900450144 /* Sources */ = {
			isa = PBXSourcesBuildPhase;
			buildActionMask = 2147483647;
			files = (
				768F9BDB305184C900450144 /* ViewController.swift in Sources */,
				768F9BA9305184C900450144 /* AppDelegate.swift in Sources */,
				768F9BAB305184C900450144 /* SceneDelegate.swift in Sources */,
			);
			runOnlyForDeploymentPostprocessing = 0;
		};
		768F9BB3305184C900450144 /* Sources */ = {
			isa = PBXSourcesBuildPhase;
			buildActionMask = 2147483647;
			files = (
				768F9BDC305184C900450144 /* ViewController.swift in Sources */,
				768F9BBA305184C900450144 /* AppDelegate.swift in Sources */,
			);
			runOnlyForDeploymentPostprocessing = 0;
		};
		768F9BBF305184C900450144 /* Sources */ = {
			isa = PBXSourcesBuildPhase;
			buildActionMask = 2147483647;
			files = (
				768F9BDF305184C900450144 /* SafariWebExtensionHandler.swift in Sources */,
			);
			runOnlyForDeploymentPostprocessing = 0;
		};
		768F9BC9305184C900450144 /* Sources */ = {
			isa = PBXSourcesBuildPhase;
			buildActionMask = 2147483647;
			files = (
				768F9BE0305184C900450144 /* SafariWebExtensionHandler.swift in Sources */,
			);
			runOnlyForDeploymentPostprocessing = 0;
		};
/* End PBXSourcesBuildPhase section */

/* Begin PBXTargetDependency section */
		768F9BC6305184C900450144 /* PBXTargetDependency */ = {
			isa = PBXTargetDependency;
			target = 768F9BC2305184C900450144 /* QuickGlot Extension (iOS) */;
			targetProxy = 768F9BC5305184C900450144 /* PBXContainerItemProxy */;
		};
		768F9BD0305184C900450144 /* PBXTargetDependency */ = {
			isa = PBXTargetDependency;
			target = 768F9BCC305184C900450144 /* QuickGlot Extension (macOS) */;
			targetProxy = 768F9BCF305184C900450144 /* PBXContainerItemProxy */;
		};
/* End PBXTargetDependency section */

/* Begin PBXVariantGroup section */
		768F9B98305184C900450144 /* Main.html */ = {
			isa = PBXVariantGroup;
			children = (
				768F9B99305184C900450144 /* Base */,
			);
			name = Main.html;
			sourceTree = "<group>";
		};
		768F9BAC305184C900450144 /* LaunchScreen.storyboard */ = {
			isa = PBXVariantGroup;
			children = (
				768F9BAD305184C900450144 /* Base */,
			);
			name = LaunchScreen.storyboard;
			sourceTree = "<group>";
		};
		768F9BAF305184C900450144 /* Main.storyboard */ = {
			isa = PBXVariantGroup;
			children = (
				768F9BB0305184C900450144 /* Base */,
			);
			name = Main.storyboard;
			sourceTree = "<group>";
		};
		768F9BBB305184C900450144 /* Main.storyboard */ = {
			isa = PBXVariantGroup;
			children = (
				768F9BBC305184C900450144 /* Base */,
			);
			name = Main.storyboard;
			sourceTree = "<group>";
		};
/* End PBXVariantGroup section */

/* Begin XCBuildConfiguration section */
		768F9BE1305184C900450144 /* Debug */ = {
			isa = XCBuildConfiguration;
			buildSettings = {
				ALWAYS_SEARCH_USER_PATHS = NO;
				ASSETCATALOG_COMPILER_GENERATE_SWIFT_ASSET_SYMBOL_EXTENSIONS = YES;
				CLANG_ANALYZER_NONNULL = YES;
				CLANG_ANALYZER_NUMBER_OBJECT_CONVERSION = YES_AGGRESSIVE;
				CLANG_CXX_LANGUAGE_STANDARD = "gnu++20";
				CLANG_ENABLE_MODULES = YES;
				CLANG_ENABLE_OBJC_ARC = YES;
				CLANG_ENABLE_OBJC_WEAK = YES;
				CLANG_WARN_BLOCK_CAPTURE_AUTORELEASING = YES;
				CLANG_WARN_BOOL_CONVERSION = YES;
				CLANG_WARN_COMMA = YES;
				CLANG_WARN_CONSTANT_CONVERSION = YES;
				CLANG_WARN_DEPRECATED_OBJC_IMPLEMENTATIONS = YES;
				CLANG_WARN_DIRECT_OBJC_ISA_USAGE = YES_ERROR;
				CLANG_WARN_DOCUMENTATION_COMMENTS = YES;
				CLANG_WARN_EMPTY_BODY = YES;
				CLANG_WARN_ENUM_CONVERSION = YES;
				CLANG_WARN_INFINITE_RECURSION = YES;
				CLANG_WARN_INT_CONVERSION = YES;
				CLANG_WARN_NON_LITERAL_NULL_CONVERSION = YES;
				CLANG_WARN_OBJC_IMPLICIT_RETAIN_SELF = YES;
				CLANG_WARN_OBJC_LITERAL_CONVERSION = YES;
				CLANG_WARN_OBJC_ROOT_CLASS = YES_ERROR;
				CLANG_WARN_QUOTED_INCLUDE_IN_FRAMEWORK_HEADER = YES;
				CLANG_WARN_RANGE_LOOP_ANALYSIS = YES;
				CLANG_WARN_STRICT_PROTOTYPES = YES;
				CLANG_WARN_SUSPICIOUS_MOVE = YES;
				CLANG_WARN_UNGUARDED_AVAILABILITY = YES_AGGRESSIVE;
				CLANG_WARN_UNREACHABLE_CODE = YES;
				CLANG_WARN__DUPLICATE_METHOD_MATCH = YES;
				COPY_PHASE_STRIP = NO;
				DEBUG_INFORMATION_FORMAT = dwarf;
				ENABLE_STRICT_OBJC_MSGSEND = YES;
				ENABLE_TESTABILITY = YES;
				ENABLE_USER_SCRIPT_SANDBOXING = YES;
				GCC_C_LANGUAGE_STANDARD = gnu17;
				GCC_DYNAMIC_NO_PIC = NO;
				GCC_NO_COMMON_BLOCKS = YES;
				GCC_OPTIMIZATION_LEVEL = 0;
				GCC_PREPROCESSOR_DEFINITIONS = (
					"DEBUG=1",
					"$(inherited)",
				);
				GCC_WARN_64_TO_32_BIT_CONVERSION = YES;
				GCC_WARN_ABOUT_RETURN_TYPE = YES_ERROR;
				GCC_WARN_UNDECLARED_SELECTOR = YES;
				GCC_WARN_UNINITIALIZED_AUTOS = YES_AGGRESSIVE;
				GCC_WARN_UNUSED_FUNCTION = YES;
				GCC_WARN_UNUSED_VARIABLE = YES;
				LOCALIZATION_PREFERS_STRING_CATALOGS = YES;
				MTL_ENABLE_DEBUG_INFO = INCLUDE_SOURCE;
				MTL_FAST_MATH = YES;
				ONLY_ACTIVE_ARCH = YES;
				SWIFT_ACTIVE_COMPILATION_CONDITIONS = "DEBUG $(inherited)";
				SWIFT_OPTIMIZATION_LEVEL = "-Onone";
			};
			name = Debug;
		};
		768F9BE2305184C900450144 /* Release */ = {
			isa = XCBuildConfiguration;
			buildSettings = {
				ALWAYS_SEARCH_USER_PATHS = NO;
				ASSETCATALOG_COMPILER_GENERATE_SWIFT_ASSET_SYMBOL_EXTENSIONS = YES;
				CLANG_ANALYZER_NONNULL = YES;
				CLANG_ANALYZER_NUMBER_OBJECT_CONVERSION = YES_AGGRESSIVE;
				CLANG_CXX_LANGUAGE_STANDARD = "gnu++20";
				CLANG_ENABLE_MODULES = YES;
				CLANG_ENABLE_OBJC_ARC = YES;
				CLANG_ENABLE_OBJC_WEAK = YES;
				CLANG_WARN_BLOCK_CAPTURE_AUTORELEASING = YES;
				CLANG_WARN_BOOL_CONVERSION = YES;
				CLANG_WARN_COMMA = YES;
				CLANG_WARN_CONSTANT_CONVERSION = YES;
				CLANG_WARN_DEPRECATED_OBJC_IMPLEMENTATIONS = YES;
				CLANG_WARN_DIRECT_OBJC_ISA_USAGE = YES_ERROR;
				CLANG_WARN_DOCUMENTATION_COMMENTS = YES;
				CLANG_WARN_EMPTY_BODY = YES;
				CLANG_WARN_ENUM_CONVERSION = YES;
				CLANG_WARN_INFINITE_RECURSION = YES;
				CLANG_WARN_INT_CONVERSION = YES;
				CLANG_WARN_NON_LITERAL_NULL_CONVERSION = YES;
				CLANG_WARN_OBJC_IMPLICIT_RETAIN_SELF = YES;
				CLANG_WARN_OBJC_LITERAL_CONVERSION = YES;
				CLANG_WARN_OBJC_ROOT_CLASS = YES_ERROR;
				CLANG_WARN_QUOTED_INCLUDE_IN_FRAMEWORK_HEADER = YES;
				CLANG_WARN_RANGE_LOOP_ANALYSIS = YES;
				CLANG_WARN_STRICT_PROTOTYPES = YES;
				CLANG_WARN_SUSPICIOUS_MOVE = YES;
				CLANG_WARN_UNGUARDED_AVAILABILITY = YES_AGGRESSIVE;
				CLANG_WARN_UNREACHABLE_CODE = YES;
				CLANG_WARN__DUPLICATE_METHOD_MATCH = YES;
				COPY_PHASE_STRIP = NO;
				DEBUG_INFORMATION_FORMAT = "dwarf-with-dsym";
				ENABLE_NS_ASSERTIONS = NO;
				ENABLE_STRICT_OBJC_MSGSEND = YES;
				ENABLE_USER_SCRIPT_SANDBOXING = YES;
				GCC_C_LANGUAGE_STANDARD = gnu17;
				GCC_NO_COMMON_BLOCKS = YES;
				GCC_WARN_64_TO_32_BIT_CONVERSION = YES;
				GCC_WARN_ABOUT_RETURN_TYPE = YES_ERROR;
				GCC_WARN_UNDECLARED_SELECTOR = YES;
				GCC_WARN_UNINITIALIZED_AUTOS = YES_AGGRESSIVE;
				GCC_WARN_UNUSED_FUNCTION = YES;
				GCC_WARN_UNUSED_VARIABLE = YES;
				LOCALIZATION_PREFERS_STRING_CATALOGS = YES;
				MTL_ENABLE_DEBUG_INFO = NO;
				MTL_FAST_MATH = YES;
				SWIFT_COMPILATION_MODE = wholemodule;
			};
			name = Release;
		};
		768F9BE4305184C900450144 /* Debug */ = {
			isa = XCBuildConfiguration;
			buildSettings = {
				CODE_SIGN_STYLE = Automatic;
				CURRENT_PROJECT_VERSION = 1;
				GENERATE_INFOPLIST_FILE = YES;
				INFOPLIST_FILE = "iOS (Extension)/Info.plist";
				INFOPLIST_KEY_CFBundleDisplayName = "QuickGlot Extension";
				INFOPLIST_KEY_NSHumanReadableCopyright = "";
				IPHONEOS_DEPLOYMENT_TARGET = 26.0;
				LD_RUNPATH_SEARCH_PATHS = (
					"$(inherited)",
					"@executable_path/Frameworks",
					"@executable_path/../../Frameworks",
				);
				MARKETING_VERSION = 1.1;
				OTHER_LDFLAGS = (
					"-framework",
					SafariServices,
				);
				CODE_SIGN_ENTITLEMENTS = "iOS (Extension)/QuickGlotExtension-iOS.entitlements";
				PRODUCT_BUNDLE_IDENTIFIER = com.quickglot.app.Extension;
				PRODUCT_NAME = "QuickGlot Extension";
				SDKROOT = iphoneos;
				SKIP_INSTALL = YES;
				STRING_CATALOG_GENERATE_SYMBOLS = YES;
				SWIFT_APPROACHABLE_CONCURRENCY = YES;
				SWIFT_EMIT_LOC_STRINGS = YES;
				SWIFT_UPCOMING_FEATURE_MEMBER_IMPORT_VISIBILITY = YES;
				SWIFT_VERSION = 5.0;
				TARGETED_DEVICE_FAMILY = "1";
			};
			name = Debug;
		};
		768F9BE5305184C900450144 /* Release */ = {
			isa = XCBuildConfiguration;
			buildSettings = {
				CODE_SIGN_STYLE = Automatic;
				CURRENT_PROJECT_VERSION = 1;
				GENERATE_INFOPLIST_FILE = YES;
				INFOPLIST_FILE = "iOS (Extension)/Info.plist";
				INFOPLIST_KEY_CFBundleDisplayName = "QuickGlot Extension";
				INFOPLIST_KEY_NSHumanReadableCopyright = "";
				IPHONEOS_DEPLOYMENT_TARGET = 26.0;
				LD_RUNPATH_SEARCH_PATHS = (
					"$(inherited)",
					"@executable_path/Frameworks",
					"@executable_path/../../Frameworks",
				);
				MARKETING_VERSION = 1.1;
				OTHER_LDFLAGS = (
					"-framework",
					SafariServices,
				);
				CODE_SIGN_ENTITLEMENTS = "iOS (Extension)/QuickGlotExtension-iOS.entitlements";
				PRODUCT_BUNDLE_IDENTIFIER = com.quickglot.app.Extension;
				PRODUCT_NAME = "QuickGlot Extension";
				SDKROOT = iphoneos;
				SKIP_INSTALL = YES;
				STRING_CATALOG_GENERATE_SYMBOLS = YES;
				SWIFT_APPROACHABLE_CONCURRENCY = YES;
				SWIFT_EMIT_LOC_STRINGS = YES;
				SWIFT_UPCOMING_FEATURE_MEMBER_IMPORT_VISIBILITY = YES;
				SWIFT_VERSION = 5.0;
				TARGETED_DEVICE_FAMILY = "1";
				VALIDATE_PRODUCT = YES;
			};
			name = Release;
		};
		768F9BE8305184C900450144 /* Debug */ = {
			isa = XCBuildConfiguration;
			buildSettings = {
				ASSETCATALOG_COMPILER_APPICON_NAME = AppIcon;
				ASSETCATALOG_COMPILER_GLOBAL_ACCENT_COLOR_NAME = AccentColor;
				CODE_SIGN_STYLE = Automatic;
				CURRENT_PROJECT_VERSION = 1;
				GENERATE_INFOPLIST_FILE = YES;
				INFOPLIST_FILE = "iOS (App)/Info.plist";
				INFOPLIST_KEY_CFBundleDisplayName = QuickGlot;
				INFOPLIST_KEY_UIApplicationSupportsIndirectInputEvents = YES;
				INFOPLIST_KEY_UILaunchStoryboardName = LaunchScreen;
				INFOPLIST_KEY_UIMainStoryboardFile = Main;
				INFOPLIST_KEY_UISupportedInterfaceOrientations = "UIInterfaceOrientationPortrait UIInterfaceOrientationLandscapeLeft UIInterfaceOrientationLandscapeRight";
				INFOPLIST_KEY_UISupportedInterfaceOrientations_iPad = "UIInterfaceOrientationPortrait UIInterfaceOrientationPortraitUpsideDown UIInterfaceOrientationLandscapeLeft UIInterfaceOrientationLandscapeRight";
				IPHONEOS_DEPLOYMENT_TARGET = 26.0;
				LD_RUNPATH_SEARCH_PATHS = (
					"$(inherited)",
					"@executable_path/Frameworks",
				);
				MARKETING_VERSION = 1.1;
				OTHER_LDFLAGS = (
					"-framework",
					SafariServices,
					"-framework",
					WebKit,
				);
				CODE_SIGN_ENTITLEMENTS = "iOS (App)/QuickGlot-iOS.entitlements";
				PRODUCT_BUNDLE_IDENTIFIER = com.quickglot.app;
				PRODUCT_NAME = QuickGlot;
				SDKROOT = iphoneos;
				STRING_CATALOG_GENERATE_SYMBOLS = YES;
				SWIFT_APPROACHABLE_CONCURRENCY = YES;
				SWIFT_DEFAULT_ACTOR_ISOLATION = MainActor;
				SWIFT_EMIT_LOC_STRINGS = YES;
				SWIFT_UPCOMING_FEATURE_MEMBER_IMPORT_VISIBILITY = YES;
				SWIFT_VERSION = 5.0;
				TARGETED_DEVICE_FAMILY = "1";
			};
			name = Debug;
		};
		768F9BE9305184C900450144 /* Release */ = {
			isa = XCBuildConfiguration;
			buildSettings = {
				ASSETCATALOG_COMPILER_APPICON_NAME = AppIcon;
				ASSETCATALOG_COMPILER_GLOBAL_ACCENT_COLOR_NAME = AccentColor;
				CODE_SIGN_STYLE = Automatic;
				CURRENT_PROJECT_VERSION = 1;
				GENERATE_INFOPLIST_FILE = YES;
				INFOPLIST_FILE = "iOS (App)/Info.plist";
				INFOPLIST_KEY_CFBundleDisplayName = QuickGlot;
				INFOPLIST_KEY_UIApplicationSupportsIndirectInputEvents = YES;
				INFOPLIST_KEY_UILaunchStoryboardName = LaunchScreen;
				INFOPLIST_KEY_UIMainStoryboardFile = Main;
				INFOPLIST_KEY_UISupportedInterfaceOrientations = "UIInterfaceOrientationPortrait UIInterfaceOrientationLandscapeLeft UIInterfaceOrientationLandscapeRight";
				INFOPLIST_KEY_UISupportedInterfaceOrientations_iPad = "UIInterfaceOrientationPortrait UIInterfaceOrientationPortraitUpsideDown UIInterfaceOrientationLandscapeLeft UIInterfaceOrientationLandscapeRight";
				IPHONEOS_DEPLOYMENT_TARGET = 26.0;
				LD_RUNPATH_SEARCH_PATHS = (
					"$(inherited)",
					"@executable_path/Frameworks",
				);
				MARKETING_VERSION = 1.1;
				OTHER_LDFLAGS = (
					"-framework",
					SafariServices,
					"-framework",
					WebKit,
				);
				CODE_SIGN_ENTITLEMENTS = "iOS (App)/QuickGlot-iOS.entitlements";
				PRODUCT_BUNDLE_IDENTIFIER = com.quickglot.app;
				PRODUCT_NAME = QuickGlot;
				SDKROOT = iphoneos;
				STRING_CATALOG_GENERATE_SYMBOLS = YES;
				SWIFT_APPROACHABLE_CONCURRENCY = YES;
				SWIFT_DEFAULT_ACTOR_ISOLATION = MainActor;
				SWIFT_EMIT_LOC_STRINGS = YES;
				SWIFT_UPCOMING_FEATURE_MEMBER_IMPORT_VISIBILITY = YES;
				SWIFT_VERSION = 5.0;
				TARGETED_DEVICE_FAMILY = "1";
				VALIDATE_PRODUCT = YES;
			};
			name = Release;
		};
		768F9BEB305184C900450144 /* Debug */ = {
			isa = XCBuildConfiguration;
			buildSettings = {
				CODE_SIGN_STYLE = Automatic;
				CURRENT_PROJECT_VERSION = 1;
				ENABLE_APP_SANDBOX = YES;
				ENABLE_HARDENED_RUNTIME = YES;
				ENABLE_USER_SELECTED_FILES = NO;
				GENERATE_INFOPLIST_FILE = YES;
				INFOPLIST_FILE = "macOS (Extension)/Info.plist";
				INFOPLIST_KEY_CFBundleDisplayName = "QuickGlot Extension";
				INFOPLIST_KEY_NSHumanReadableCopyright = "";
				LD_RUNPATH_SEARCH_PATHS = (
					"$(inherited)",
					"@executable_path/../Frameworks",
					"@executable_path/../../../../Frameworks",
				);
				MACOSX_DEPLOYMENT_TARGET = 26.0;
				MARKETING_VERSION = 1.1;
				OTHER_LDFLAGS = (
					"-framework",
					SafariServices,
				);
				CODE_SIGN_ENTITLEMENTS = "macOS (Extension)/QuickGlotExtension-macOS.entitlements";
				PRODUCT_BUNDLE_IDENTIFIER = com.quickglot.app.Extension;
				PRODUCT_NAME = "QuickGlot Extension";
				SDKROOT = macosx;
				SKIP_INSTALL = YES;
				STRING_CATALOG_GENERATE_SYMBOLS = YES;
				SWIFT_APPROACHABLE_CONCURRENCY = YES;
				SWIFT_EMIT_LOC_STRINGS = YES;
				SWIFT_UPCOMING_FEATURE_MEMBER_IMPORT_VISIBILITY = YES;
				SWIFT_VERSION = 5.0;
			};
			name = Debug;
		};
		768F9BEC305184C900450144 /* Release */ = {
			isa = XCBuildConfiguration;
			buildSettings = {
				CODE_SIGN_STYLE = Automatic;
				CURRENT_PROJECT_VERSION = 1;
				ENABLE_APP_SANDBOX = YES;
				ENABLE_HARDENED_RUNTIME = YES;
				ENABLE_USER_SELECTED_FILES = NO;
				GENERATE_INFOPLIST_FILE = YES;
				INFOPLIST_FILE = "macOS (Extension)/Info.plist";
				INFOPLIST_KEY_CFBundleDisplayName = "QuickGlot Extension";
				INFOPLIST_KEY_NSHumanReadableCopyright = "";
				LD_RUNPATH_SEARCH_PATHS = (
					"$(inherited)",
					"@executable_path/../Frameworks",
					"@executable_path/../../../../Frameworks",
				);
				MACOSX_DEPLOYMENT_TARGET = 26.0;
				MARKETING_VERSION = 1.1;
				OTHER_LDFLAGS = (
					"-framework",
					SafariServices,
				);
				CODE_SIGN_ENTITLEMENTS = "macOS (Extension)/QuickGlotExtension-macOS.entitlements";
				PRODUCT_BUNDLE_IDENTIFIER = com.quickglot.app.Extension;
				PRODUCT_NAME = "QuickGlot Extension";
				SDKROOT = macosx;
				SKIP_INSTALL = YES;
				STRING_CATALOG_GENERATE_SYMBOLS = YES;
				SWIFT_APPROACHABLE_CONCURRENCY = YES;
				SWIFT_EMIT_LOC_STRINGS = YES;
				SWIFT_UPCOMING_FEATURE_MEMBER_IMPORT_VISIBILITY = YES;
				SWIFT_VERSION = 5.0;
			};
			name = Release;
		};
		768F9BEF305184C900450144 /* Debug */ = {
			isa = XCBuildConfiguration;
			buildSettings = {
				ASSETCATALOG_COMPILER_APPICON_NAME = AppIcon;
				ASSETCATALOG_COMPILER_GLOBAL_ACCENT_COLOR_NAME = AccentColor;
				CODE_SIGN_STYLE = Automatic;
				CURRENT_PROJECT_VERSION = 1;
				ENABLE_APP_SANDBOX = YES;
				ENABLE_HARDENED_RUNTIME = YES;
				ENABLE_OUTGOING_NETWORK_CONNECTIONS = NO;
				ENABLE_USER_SELECTED_FILES = NO;
				GENERATE_INFOPLIST_FILE = YES;
				INFOPLIST_FILE = "macOS (App)/Info.plist";
				INFOPLIST_KEY_CFBundleDisplayName = QuickGlot;
				INFOPLIST_KEY_NSMainStoryboardFile = Main;
				INFOPLIST_KEY_NSPrincipalClass = NSApplication;
				LD_RUNPATH_SEARCH_PATHS = (
					"$(inherited)",
					"@executable_path/../Frameworks",
				);
				MACOSX_DEPLOYMENT_TARGET = 26.0;
				MARKETING_VERSION = 1.1;
				OTHER_LDFLAGS = (
					"-framework",
					SafariServices,
					"-framework",
					WebKit,
				);
				CODE_SIGN_ENTITLEMENTS = "macOS (App)/QuickGlot-macOS.entitlements";
				PRODUCT_BUNDLE_IDENTIFIER = com.quickglot.app;
				PRODUCT_NAME = QuickGlot;
				REGISTER_APP_GROUPS = YES;
				SDKROOT = macosx;
				STRING_CATALOG_GENERATE_SYMBOLS = YES;
				SWIFT_APPROACHABLE_CONCURRENCY = YES;
				SWIFT_DEFAULT_ACTOR_ISOLATION = MainActor;
				SWIFT_EMIT_LOC_STRINGS = YES;
				SWIFT_UPCOMING_FEATURE_MEMBER_IMPORT_VISIBILITY = YES;
				SWIFT_VERSION = 5.0;
			};
			name = Debug;
		};
		768F9BF0305184C900450144 /* Release */ = {
			isa = XCBuildConfiguration;
			buildSettings = {
				ASSETCATALOG_COMPILER_APPICON_NAME = AppIcon;
				ASSETCATALOG_COMPILER_GLOBAL_ACCENT_COLOR_NAME = AccentColor;
				CODE_SIGN_STYLE = Automatic;
				CURRENT_PROJECT_VERSION = 1;
				ENABLE_APP_SANDBOX = YES;
				ENABLE_HARDENED_RUNTIME = YES;
				ENABLE_OUTGOING_NETWORK_CONNECTIONS = NO;
				ENABLE_USER_SELECTED_FILES = NO;
				GENERATE_INFOPLIST_FILE = YES;
				INFOPLIST_FILE = "macOS (App)/Info.plist";
				INFOPLIST_KEY_CFBundleDisplayName = QuickGlot;
				INFOPLIST_KEY_NSMainStoryboardFile = Main;
				INFOPLIST_KEY_NSPrincipalClass = NSApplication;
				LD_RUNPATH_SEARCH_PATHS = (
					"$(inherited)",
					"@executable_path/../Frameworks",
				);
				MACOSX_DEPLOYMENT_TARGET = 26.0;
				MARKETING_VERSION = 1.1;
				OTHER_LDFLAGS = (
					"-framework",
					SafariServices,
					"-framework",
					WebKit,
				);
				CODE_SIGN_ENTITLEMENTS = "macOS (App)/QuickGlot-macOS.entitlements";
				PRODUCT_BUNDLE_IDENTIFIER = com.quickglot.app;
				PRODUCT_NAME = QuickGlot;
				REGISTER_APP_GROUPS = YES;
				SDKROOT = macosx;
				STRING_CATALOG_GENERATE_SYMBOLS = YES;
				SWIFT_APPROACHABLE_CONCURRENCY = YES;
				SWIFT_DEFAULT_ACTOR_ISOLATION = MainActor;
				SWIFT_EMIT_LOC_STRINGS = YES;
				SWIFT_UPCOMING_FEATURE_MEMBER_IMPORT_VISIBILITY = YES;
				SWIFT_VERSION = 5.0;
			};
			name = Release;
		};
/* End XCBuildConfiguration section */

/* Begin XCConfigurationList section */
		768F9B95305184C900450144 /* Build configuration list for PBXProject "QuickGlot" */ = {
			isa = XCConfigurationList;
			buildConfigurations = (
				768F9BE1305184C900450144 /* Debug */,
				768F9BE2305184C900450144 /* Release */,
			);
			defaultConfigurationIsVisible = 0;
			defaultConfigurationName = Release;
		};
		768F9BE3305184C900450144 /* Build configuration list for PBXNativeTarget "QuickGlot Extension (iOS)" */ = {
			isa = XCConfigurationList;
			buildConfigurations = (
				768F9BE4305184C900450144 /* Debug */,
				768F9BE5305184C900450144 /* Release */,
			);
			defaultConfigurationIsVisible = 0;
			defaultConfigurationName = Release;
		};
		768F9BE7305184C900450144 /* Build configuration list for PBXNativeTarget "QuickGlot (iOS)" */ = {
			isa = XCConfigurationList;
			buildConfigurations = (
				768F9BE8305184C900450144 /* Debug */,
				768F9BE9305184C900450144 /* Release */,
			);
			defaultConfigurationIsVisible = 0;
			defaultConfigurationName = Release;
		};
		768F9BEA305184C900450144 /* Build configuration list for PBXNativeTarget "QuickGlot Extension (macOS)" */ = {
			isa = XCConfigurationList;
			buildConfigurations = (
				768F9BEB305184C900450144 /* Debug */,
				768F9BEC305184C900450144 /* Release */,
			);
			defaultConfigurationIsVisible = 0;
			defaultConfigurationName = Release;
		};
		768F9BEE305184C900450144 /* Build configuration list for PBXNativeTarget "QuickGlot (macOS)" */ = {
			isa = XCConfigurationList;
			buildConfigurations = (
				768F9BEF305184C900450144 /* Debug */,
				768F9BF0305184C900450144 /* Release */,
			);
			defaultConfigurationIsVisible = 0;
			defaultConfigurationName = Release;
		};
/* End XCConfigurationList section */
	};
	rootObject = 768F9B92305184C900450144 /* Project object */;
}
