// !$*UTF8*$!
{
	archiveVersion = 1;
	classes = {
	};
	objectVersion = 77;
	objects = {

/* Begin PBXBuildFile section */
		769DE84A3044896E00A74B83 /* AppDelegate.swift in Sources */ = {isa = PBXBuildFile; fileRef = 769DE8493044896E00A74B83 /* AppDelegate.swift */; };
		769DE84C3044896E00A74B83 /* SceneDelegate.swift in Sources */ = {isa = PBXBuildFile; fileRef = 769DE84B3044896E00A74B83 /* SceneDelegate.swift */; };
		769DE84F3044896E00A74B83 /* LaunchScreen.storyboard in Resources */ = {isa = PBXBuildFile; fileRef = 769DE84D3044896E00A74B83 /* LaunchScreen.storyboard */; };
		769DE8523044896E00A74B83 /* Main.storyboard in Resources */ = {isa = PBXBuildFile; fileRef = 769DE8503044896E00A74B83 /* Main.storyboard */; };
		769DE85B3044896E00A74B83 /* AppDelegate.swift in Sources */ = {isa = PBXBuildFile; fileRef = 769DE85A3044896E00A74B83 /* AppDelegate.swift */; };
		769DE85E3044896E00A74B83 /* Main.storyboard in Resources */ = {isa = PBXBuildFile; fileRef = 769DE85C3044896E00A74B83 /* Main.storyboard */; };
		769DE8653044896E00A74B83 /* QuickGlot Extension.appex in Embed Foundation Extensions */ = {isa = PBXBuildFile; fileRef = 769DE8643044896E00A74B83 /* QuickGlot Extension.appex */; settings = {ATTRIBUTES = (RemoveHeadersOnCopy, ); }; };
		769DE86F3044896E00A74B83 /* QuickGlot Extension.appex in Embed Foundation Extensions */ = {isa = PBXBuildFile; fileRef = 769DE86E3044896E00A74B83 /* QuickGlot Extension.appex */; settings = {ATTRIBUTES = (RemoveHeadersOnCopy, ); }; };
		769DE8743044896E00A74B83 /* Main.html in Resources */ = {isa = PBXBuildFile; fileRef = 769DE8393044896D00A74B83 /* Main.html */; };
		769DE8753044896E00A74B83 /* Main.html in Resources */ = {isa = PBXBuildFile; fileRef = 769DE8393044896D00A74B83 /* Main.html */; };
		769DE8763044896E00A74B83 /* Icon.png in Resources */ = {isa = PBXBuildFile; fileRef = 769DE83B3044896D00A74B83 /* Icon.png */; };
		769DE8773044896E00A74B83 /* Icon.png in Resources */ = {isa = PBXBuildFile; fileRef = 769DE83B3044896D00A74B83 /* Icon.png */; };
		769DE8783044896E00A74B83 /* Style.css in Resources */ = {isa = PBXBuildFile; fileRef = 769DE83C3044896D00A74B83 /* Style.css */; };
		769DE8793044896E00A74B83 /* Style.css in Resources */ = {isa = PBXBuildFile; fileRef = 769DE83C3044896D00A74B83 /* Style.css */; };
		769DE87A3044896E00A74B83 /* Script.js in Resources */ = {isa = PBXBuildFile; fileRef = 769DE83D3044896D00A74B83 /* Script.js */; };
		769DE87B3044896E00A74B83 /* Script.js in Resources */ = {isa = PBXBuildFile; fileRef = 769DE83D3044896D00A74B83 /* Script.js */; };
		769DE87C3044896E00A74B83 /* ViewController.swift in Sources */ = {isa = PBXBuildFile; fileRef = 769DE83E3044896D00A74B83 /* ViewController.swift */; };
		769DE87D3044896E00A74B83 /* ViewController.swift in Sources */ = {isa = PBXBuildFile; fileRef = 769DE83E3044896D00A74B83 /* ViewController.swift */; };
		769DE87E3044896E00A74B83 /* Assets.xcassets in Resources */ = {isa = PBXBuildFile; fileRef = 769DE83F3044896E00A74B83 /* Assets.xcassets */; };
		769DE87F3044896E00A74B83 /* Assets.xcassets in Resources */ = {isa = PBXBuildFile; fileRef = 769DE83F3044896E00A74B83 /* Assets.xcassets */; };
		769DE8803044896E00A74B83 /* SafariWebExtensionHandler.swift in Sources */ = {isa = PBXBuildFile; fileRef = 769DE8413044896E00A74B83 /* SafariWebExtensionHandler.swift */; };
		769DE8813044896E00A74B83 /* SafariWebExtensionHandler.swift in Sources */ = {isa = PBXBuildFile; fileRef = 769DE8413044896E00A74B83 /* SafariWebExtensionHandler.swift */; };
		769DE89B3044896E00A74B83 /* popup.js in Resources */ = {isa = PBXBuildFile; fileRef = 769DE8933044896E00A74B83 /* popup.js */; };
		769DE89C3044896E00A74B83 /* background.js in Resources */ = {isa = PBXBuildFile; fileRef = 769DE8943044896E00A74B83 /* background.js */; };
		769DE89D3044896E00A74B83 /* popup.html in Resources */ = {isa = PBXBuildFile; fileRef = 769DE8953044896E00A74B83 /* popup.html */; };
		769DE89E3044896E00A74B83 /* icons in Resources */ = {isa = PBXBuildFile; fileRef = 769DE8963044896E00A74B83 /* icons */; };
		769DE89F3044896E00A74B83 /* manifest.json in Resources */ = {isa = PBXBuildFile; fileRef = 769DE8973044896E00A74B83 /* manifest.json */; };
		769DE8A03044896E00A74B83 /* popup.css in Resources */ = {isa = PBXBuildFile; fileRef = 769DE8983044896E00A74B83 /* popup.css */; };
		769DE8A13044896E00A74B83 /* _locales in Resources */ = {isa = PBXBuildFile; fileRef = 769DE8993044896E00A74B83 /* _locales */; };
		769DE8A23044896E00A74B83 /* content.js in Resources */ = {isa = PBXBuildFile; fileRef = 769DE89A3044896E00A74B83 /* content.js */; };
		769DE8A33044896E00A74B83 /* popup.js in Resources */ = {isa = PBXBuildFile; fileRef = 769DE8933044896E00A74B83 /* popup.js */; };
		769DE8A43044896E00A74B83 /* background.js in Resources */ = {isa = PBXBuildFile; fileRef = 769DE8943044896E00A74B83 /* background.js */; };
		769DE8A53044896E00A74B83 /* popup.html in Resources */ = {isa = PBXBuildFile; fileRef = 769DE8953044896E00A74B83 /* popup.html */; };
		769DE8A63044896E00A74B83 /* icons in Resources */ = {isa = PBXBuildFile; fileRef = 769DE8963044896E00A74B83 /* icons */; };
		769DE8A73044896E00A74B83 /* manifest.json in Resources */ = {isa = PBXBuildFile; fileRef = 769DE8973044896E00A74B83 /* manifest.json */; };
		769DE8A83044896E00A74B83 /* popup.css in Resources */ = {isa = PBXBuildFile; fileRef = 769DE8983044896E00A74B83 /* popup.css */; };
		769DE8A93044896E00A74B83 /* _locales in Resources */ = {isa = PBXBuildFile; fileRef = 769DE8993044896E00A74B83 /* _locales */; };
		769DE8AA3044896E00A74B83 /* content.js in Resources */ = {isa = PBXBuildFile; fileRef = 769DE89A3044896E00A74B83 /* content.js */; };
/* End PBXBuildFile section */

/* Begin PBXContainerItemProxy section */
		769DE8663044896E00A74B83 /* PBXContainerItemProxy */ = {
			isa = PBXContainerItemProxy;
			containerPortal = 769DE8333044896D00A74B83 /* Project object */;
			proxyType = 1;
			remoteGlobalIDString = 769DE8633044896E00A74B83;
			remoteInfo = "QuickGlot Extension (iOS)";
		};
		769DE8703044896E00A74B83 /* PBXContainerItemProxy */ = {
			isa = PBXContainerItemProxy;
			containerPortal = 769DE8333044896D00A74B83 /* Project object */;
			proxyType = 1;
			remoteGlobalIDString = 769DE86D3044896E00A74B83;
			remoteInfo = "QuickGlot Extension (macOS)";
		};
/* End PBXContainerItemProxy section */

/* Begin PBXCopyFilesBuildPhase section */
		769DE8873044896E00A74B83 /* Embed Foundation Extensions */ = {
			isa = PBXCopyFilesBuildPhase;
			buildActionMask = 2147483647;
			dstPath = "";
			dstSubfolderSpec = 13;
			files = (
				769DE8653044896E00A74B83 /* QuickGlot Extension.appex in Embed Foundation Extensions */,
			);
			name = "Embed Foundation Extensions";
			runOnlyForDeploymentPostprocessing = 0;
		};
		769DE88E3044896E00A74B83 /* Embed Foundation Extensions */ = {
			isa = PBXCopyFilesBuildPhase;
			buildActionMask = 2147483647;
			dstPath = "";
			dstSubfolderSpec = 13;
			files = (
				769DE86F3044896E00A74B83 /* QuickGlot Extension.appex in Embed Foundation Extensions */,
			);
			name = "Embed Foundation Extensions";
			runOnlyForDeploymentPostprocessing = 0;
		};
/* End PBXCopyFilesBuildPhase section */

/* Begin PBXFileReference section */
		769DE83A3044896D00A74B83 /* Base */ = {isa = PBXFileReference; lastKnownFileType = text.html; name = Base; path = Base.lproj/Main.html; sourceTree = "<group>"; };
		769DE83B3044896D00A74B83 /* Icon.png */ = {isa = PBXFileReference; lastKnownFileType = image.png; path = Icon.png; sourceTree = "<group>"; };
		769DE83C3044896D00A74B83 /* Style.css */ = {isa = PBXFileReference; lastKnownFileType = text.css; path = Style.css; sourceTree = "<group>"; };
		769DE83D3044896D00A74B83 /* Script.js */ = {isa = PBXFileReference; lastKnownFileType = sourcecode.javascript; path = Script.js; sourceTree = "<group>"; };
		769DE83E3044896D00A74B83 /* ViewController.swift */ = {isa = PBXFileReference; lastKnownFileType = sourcecode.swift; path = ViewController.swift; sourceTree = "<group>"; };
		769DE83F3044896E00A74B83 /* Assets.xcassets */ = {isa = PBXFileReference; lastKnownFileType = folder.assetcatalog; path = Assets.xcassets; sourceTree = "<group>"; };
		769DE8413044896E00A74B83 /* SafariWebExtensionHandler.swift */ = {isa = PBXFileReference; lastKnownFileType = sourcecode.swift; path = SafariWebExtensionHandler.swift; sourceTree = "<group>"; };
		769DE8463044896E00A74B83 /* QuickGlot.app */ = {isa = PBXFileReference; explicitFileType = wrapper.application; includeInIndex = 0; path = QuickGlot.app; sourceTree = BUILT_PRODUCTS_DIR; };
		769DE8493044896E00A74B83 /* AppDelegate.swift */ = {isa = PBXFileReference; lastKnownFileType = sourcecode.swift; path = AppDelegate.swift; sourceTree = "<group>"; };
		769DE84B3044896E00A74B83 /* SceneDelegate.swift */ = {isa = PBXFileReference; lastKnownFileType = sourcecode.swift; path = SceneDelegate.swift; sourceTree = "<group>"; };
		769DE84E3044896E00A74B83 /* Base */ = {isa = PBXFileReference; lastKnownFileType = file.storyboard; name = Base; path = Base.lproj/LaunchScreen.storyboard; sourceTree = "<group>"; };
		769DE8513044896E00A74B83 /* Base */ = {isa = PBXFileReference; lastKnownFileType = file.storyboard; name = Base; path = Base.lproj/Main.storyboard; sourceTree = "<group>"; };
		769DE8533044896E00A74B83 /* Info.plist */ = {isa = PBXFileReference; lastKnownFileType = text.plist.xml; path = Info.plist; sourceTree = "<group>"; };
		769DE8583044896E00A74B83 /* QuickGlot.app */ = {isa = PBXFileReference; explicitFileType = wrapper.application; includeInIndex = 0; path = QuickGlot.app; sourceTree = BUILT_PRODUCTS_DIR; };
		769DE85A3044896E00A74B83 /* AppDelegate.swift */ = {isa = PBXFileReference; lastKnownFileType = sourcecode.swift; path = AppDelegate.swift; sourceTree = "<group>"; };
		769DE85D3044896E00A74B83 /* Base */ = {isa = PBXFileReference; lastKnownFileType = file.storyboard; name = Base; path = Base.lproj/Main.storyboard; sourceTree = "<group>"; };
		769DE85F3044896E00A74B83 /* Info.plist */ = {isa = PBXFileReference; lastKnownFileType = text.plist.xml; path = Info.plist; sourceTree = "<group>"; };
		769DE8643044896E00A74B83 /* QuickGlot Extension.appex */ = {isa = PBXFileReference; explicitFileType = "wrapper.app-extension"; includeInIndex = 0; path = "QuickGlot Extension.appex"; sourceTree = BUILT_PRODUCTS_DIR; };
		769DE8693044896E00A74B83 /* Info.plist */ = {isa = PBXFileReference; lastKnownFileType = text.plist.xml; path = Info.plist; sourceTree = "<group>"; };
		769DE86E3044896E00A74B83 /* QuickGlot Extension.appex */ = {isa = PBXFileReference; explicitFileType = "wrapper.app-extension"; includeInIndex = 0; path = "QuickGlot Extension.appex"; sourceTree = BUILT_PRODUCTS_DIR; };
		769DE8733044896E00A74B83 /* Info.plist */ = {isa = PBXFileReference; lastKnownFileType = text.plist.xml; path = Info.plist; sourceTree = "<group>"; };
		769DE8933044896E00A74B83 /* popup.js */ = {isa = PBXFileReference; lastKnownFileType = sourcecode.javascript; name = popup.js; path = ../../../dist/popup.js; sourceTree = "<group>"; };
		769DE8943044896E00A74B83 /* background.js */ = {isa = PBXFileReference; lastKnownFileType = sourcecode.javascript; name = background.js; path = ../../../dist/background.js; sourceTree = "<group>"; };
		769DE8953044896E00A74B83 /* popup.html */ = {isa = PBXFileReference; lastKnownFileType = text.html; name = popup.html; path = ../../../dist/popup.html; sourceTree = "<group>"; };
		769DE8963044896E00A74B83 /* icons */ = {isa = PBXFileReference; lastKnownFileType = folder; name = icons; path = ../../../dist/icons; sourceTree = "<group>"; };
		769DE8973044896E00A74B83 /* manifest.json */ = {isa = PBXFileReference; lastKnownFileType = text.json; name = manifest.json; path = ../../../dist/manifest.json; sourceTree = "<group>"; };
		769DE8983044896E00A74B83 /* popup.css */ = {isa = PBXFileReference; lastKnownFileType = text.css; name = popup.css; path = ../../../dist/popup.css; sourceTree = "<group>"; };
		769DE8993044896E00A74B83 /* _locales */ = {isa = PBXFileReference; lastKnownFileType = folder; name = _locales; path = ../../../dist/_locales; sourceTree = "<group>"; };
		769DE89A3044896E00A74B83 /* content.js */ = {isa = PBXFileReference; lastKnownFileType = sourcecode.javascript; name = content.js; path = ../../../dist/content.js; sourceTree = "<group>"; };
/* End PBXFileReference section */

/* Begin PBXFrameworksBuildPhase section */
		769DE8433044896E00A74B83 /* Frameworks */ = {
			isa = PBXFrameworksBuildPhase;
			buildActionMask = 2147483647;
			files = (
			);
			runOnlyForDeploymentPostprocessing = 0;
		};
		769DE8553044896E00A74B83 /* Frameworks */ = {
			isa = PBXFrameworksBuildPhase;
			buildActionMask = 2147483647;
			files = (
			);
			runOnlyForDeploymentPostprocessing = 0;
		};
		769DE8613044896E00A74B83 /* Frameworks */ = {
			isa = PBXFrameworksBuildPhase;
			buildActionMask = 2147483647;
			files = (
			);
			runOnlyForDeploymentPostprocessing = 0;
		};
		769DE86B3044896E00A74B83 /* Frameworks */ = {
			isa = PBXFrameworksBuildPhase;
			buildActionMask = 2147483647;
			files = (
			);
			runOnlyForDeploymentPostprocessing = 0;
		};
/* End PBXFrameworksBuildPhase section */

/* Begin PBXGroup section */
		769DE8323044896D00A74B83 = {
			isa = PBXGroup;
			children = (
				769DE8373044896D00A74B83 /* Shared (App) */,
				769DE8403044896E00A74B83 /* Shared (Extension) */,
				769DE8483044896E00A74B83 /* iOS (App) */,
				769DE8593044896E00A74B83 /* macOS (App) */,
				769DE8683044896E00A74B83 /* iOS (Extension) */,
				769DE8723044896E00A74B83 /* macOS (Extension) */,
				769DE8473044896E00A74B83 /* Products */,
			);
			sourceTree = "<group>";
		};
		769DE8373044896D00A74B83 /* Shared (App) */ = {
			isa = PBXGroup;
			children = (
				769DE83E3044896D00A74B83 /* ViewController.swift */,
				769DE83F3044896E00A74B83 /* Assets.xcassets */,
				769DE8383044896D00A74B83 /* Resources */,
			);
			path = "Shared (App)";
			sourceTree = "<group>";
		};
		769DE8383044896D00A74B83 /* Resources */ = {
			isa = PBXGroup;
			children = (
				769DE8393044896D00A74B83 /* Main.html */,
				769DE83B3044896D00A74B83 /* Icon.png */,
				769DE83C3044896D00A74B83 /* Style.css */,
				769DE83D3044896D00A74B83 /* Script.js */,
			);
			path = Resources;
			sourceTree = "<group>";
		};
		769DE8403044896E00A74B83 /* Shared (Extension) */ = {
			isa = PBXGroup;
			children = (
				769DE8923044896E00A74B83 /* Resources */,
				769DE8413044896E00A74B83 /* SafariWebExtensionHandler.swift */,
			);
			path = "Shared (Extension)";
			sourceTree = "<group>";
		};
		769DE8473044896E00A74B83 /* Products */ = {
			isa = PBXGroup;
			children = (
				769DE8463044896E00A74B83 /* QuickGlot.app */,
				769DE8583044896E00A74B83 /* QuickGlot.app */,
				769DE8643044896E00A74B83 /* QuickGlot Extension.appex */,
				769DE86E3044896E00A74B83 /* QuickGlot Extension.appex */,
			);
			name = Products;
			sourceTree = "<group>";
		};
		769DE8483044896E00A74B83 /* iOS (App) */ = {
			isa = PBXGroup;
			children = (
				769DE8493044896E00A74B83 /* AppDelegate.swift */,
				769DE84B3044896E00A74B83 /* SceneDelegate.swift */,
				769DE84D3044896E00A74B83 /* LaunchScreen.storyboard */,
				769DE8503044896E00A74B83 /* Main.storyboard */,
				769DE8533044896E00A74B83 /* Info.plist */,
			);
			path = "iOS (App)";
			sourceTree = "<group>";
		};
		769DE8593044896E00A74B83 /* macOS (App) */ = {
			isa = PBXGroup;
			children = (
				769DE85A3044896E00A74B83 /* AppDelegate.swift */,
				769DE85C3044896E00A74B83 /* Main.storyboard */,
				769DE85F3044896E00A74B83 /* Info.plist */,
			);
			path = "macOS (App)";
			sourceTree = "<group>";
		};
		769DE8683044896E00A74B83 /* iOS (Extension) */ = {
			isa = PBXGroup;
			children = (
				769DE8693044896E00A74B83 /* Info.plist */,
			);
			path = "iOS (Extension)";
			sourceTree = "<group>";
		};
		769DE8723044896E00A74B83 /* macOS (Extension) */ = {
			isa = PBXGroup;
			children = (
				769DE8733044896E00A74B83 /* Info.plist */,
			);
			path = "macOS (Extension)";
			sourceTree = "<group>";
		};
		769DE8923044896E00A74B83 /* Resources */ = {
			isa = PBXGroup;
			children = (
				769DE8933044896E00A74B83 /* popup.js */,
				769DE8943044896E00A74B83 /* background.js */,
				769DE8953044896E00A74B83 /* popup.html */,
				769DE8963044896E00A74B83 /* icons */,
				769DE8973044896E00A74B83 /* manifest.json */,
				769DE8983044896E00A74B83 /* popup.css */,
				769DE8993044896E00A74B83 /* _locales */,
				769DE89A3044896E00A74B83 /* content.js */,
			);
			name = Resources;
			path = "Shared (Extension)";
			sourceTree = SOURCE_ROOT;
		};
/* End PBXGroup section */

/* Begin PBXNativeTarget section */
		769DE8453044896E00A74B83 /* QuickGlot (iOS) */ = {
			isa = PBXNativeTarget;
			buildConfigurationList = 769DE8883044896E00A74B83 /* Build configuration list for PBXNativeTarget "QuickGlot (iOS)" */;
			buildPhases = (
				769DE8423044896E00A74B83 /* Sources */,
				769DE8433044896E00A74B83 /* Frameworks */,
				769DE8443044896E00A74B83 /* Resources */,
				769DE8873044896E00A74B83 /* Embed Foundation Extensions */,
			);
			buildRules = (
			);
			dependencies = (
				769DE8673044896E00A74B83 /* PBXTargetDependency */,
			);
			name = "QuickGlot (iOS)";
			packageProductDependencies = (
			);
			productName = "QuickGlot (iOS)";
			productReference = 769DE8463044896E00A74B83 /* QuickGlot.app */;
			productType = "com.apple.product-type.application";
		};
		769DE8573044896E00A74B83 /* QuickGlot (macOS) */ = {
			isa = PBXNativeTarget;
			buildConfigurationList = 769DE88F3044896E00A74B83 /* Build configuration list for PBXNativeTarget "QuickGlot (macOS)" */;
			buildPhases = (
				769DE8543044896E00A74B83 /* Sources */,
				769DE8553044896E00A74B83 /* Frameworks */,
				769DE8563044896E00A74B83 /* Resources */,
				769DE88E3044896E00A74B83 /* Embed Foundation Extensions */,
			);
			buildRules = (
			);
			dependencies = (
				769DE8713044896E00A74B83 /* PBXTargetDependency */,
			);
			name = "QuickGlot (macOS)";
			packageProductDependencies = (
			);
			productName = "QuickGlot (macOS)";
			productReference = 769DE8583044896E00A74B83 /* QuickGlot.app */;
			productType = "com.apple.product-type.application";
		};
		769DE8633044896E00A74B83 /* QuickGlot Extension (iOS) */ = {
			isa = PBXNativeTarget;
			buildConfigurationList = 769DE8843044896E00A74B83 /* Build configuration list for PBXNativeTarget "QuickGlot Extension (iOS)" */;
			buildPhases = (
				769DE8603044896E00A74B83 /* Sources */,
				769DE8613044896E00A74B83 /* Frameworks */,
				769DE8623044896E00A74B83 /* Resources */,
			);
			buildRules = (
			);
			dependencies = (
			);
			name = "QuickGlot Extension (iOS)";
			packageProductDependencies = (
			);
			productName = "QuickGlot Extension (iOS)";
			productReference = 769DE8643044896E00A74B83 /* QuickGlot Extension.appex */;
			productType = "com.apple.product-type.app-extension";
		};
		769DE86D3044896E00A74B83 /* QuickGlot Extension (macOS) */ = {
			isa = PBXNativeTarget;
			buildConfigurationList = 769DE88B3044896E00A74B83 /* Build configuration list for PBXNativeTarget "QuickGlot Extension (macOS)" */;
			buildPhases = (
				769DE86A3044896E00A74B83 /* Sources */,
				769DE86B3044896E00A74B83 /* Frameworks */,
				769DE86C3044896E00A74B83 /* Resources */,
			);
			buildRules = (
			);
			dependencies = (
			);
			name = "QuickGlot Extension (macOS)";
			packageProductDependencies = (
			);
			productName = "QuickGlot Extension (macOS)";
			productReference = 769DE86E3044896E00A74B83 /* QuickGlot Extension.appex */;
			productType = "com.apple.product-type.app-extension";
		};
/* End PBXNativeTarget section */

/* Begin PBXProject section */
		769DE8333044896D00A74B83 /* Project object */ = {
			isa = PBXProject;
			attributes = {
				BuildIndependentTargetsInParallel = 1;
				LastSwiftUpdateCheck = 2660;
				LastUpgradeCheck = 2660;
				TargetAttributes = {
					769DE8453044896E00A74B83 = {
						CreatedOnToolsVersion = 26.6;
					};
					769DE8573044896E00A74B83 = {
						CreatedOnToolsVersion = 26.6;
					};
					769DE8633044896E00A74B83 = {
						CreatedOnToolsVersion = 26.6;
					};
					769DE86D3044896E00A74B83 = {
						CreatedOnToolsVersion = 26.6;
					};
				};
			};
			buildConfigurationList = 769DE8363044896D00A74B83 /* Build configuration list for PBXProject "QuickGlot" */;
			developmentRegion = en;
			hasScannedForEncodings = 0;
			knownRegions = (
				en,
				Base,
			);
			mainGroup = 769DE8323044896D00A74B83;
			minimizedProjectReferenceProxies = 1;
			preferredProjectObjectVersion = 77;
			productRefGroup = 769DE8473044896E00A74B83 /* Products */;
			projectDirPath = "";
			projectRoot = "";
			targets = (
				769DE8453044896E00A74B83 /* QuickGlot (iOS) */,
				769DE8573044896E00A74B83 /* QuickGlot (macOS) */,
				769DE8633044896E00A74B83 /* QuickGlot Extension (iOS) */,
				769DE86D3044896E00A74B83 /* QuickGlot Extension (macOS) */,
			);
		};
/* End PBXProject section */

/* Begin PBXResourcesBuildPhase section */
		769DE8443044896E00A74B83 /* Resources */ = {
			isa = PBXResourcesBuildPhase;
			buildActionMask = 2147483647;
			files = (
				769DE8763044896E00A74B83 /* Icon.png in Resources */,
				769DE84F3044896E00A74B83 /* LaunchScreen.storyboard in Resources */,
				769DE8743044896E00A74B83 /* Main.html in Resources */,
				769DE87A3044896E00A74B83 /* Script.js in Resources */,
				769DE87E3044896E00A74B83 /* Assets.xcassets in Resources */,
				769DE8523044896E00A74B83 /* Main.storyboard in Resources */,
				769DE8783044896E00A74B83 /* Style.css in Resources */,
			);
			runOnlyForDeploymentPostprocessing = 0;
		};
		769DE8563044896E00A74B83 /* Resources */ = {
			isa = PBXResourcesBuildPhase;
			buildActionMask = 2147483647;
			files = (
				769DE8773044896E00A74B83 /* Icon.png in Resources */,
				769DE8793044896E00A74B83 /* Style.css in Resources */,
				769DE85E3044896E00A74B83 /* Main.storyboard in Resources */,
				769DE87B3044896E00A74B83 /* Script.js in Resources */,
				769DE87F3044896E00A74B83 /* Assets.xcassets in Resources */,
				769DE8753044896E00A74B83 /* Main.html in Resources */,
			);
			runOnlyForDeploymentPostprocessing = 0;
		};
		769DE8623044896E00A74B83 /* Resources */ = {
			isa = PBXResourcesBuildPhase;
			buildActionMask = 2147483647;
			files = (
				769DE8AA3044896E00A74B83 /* content.js in Resources */,
				769DE8A43044896E00A74B83 /* background.js in Resources */,
				769DE8A63044896E00A74B83 /* icons in Resources */,
				769DE8A83044896E00A74B83 /* popup.css in Resources */,
				769DE8A73044896E00A74B83 /* manifest.json in Resources */,
				769DE8A53044896E00A74B83 /* popup.html in Resources */,
				769DE8A93044896E00A74B83 /* _locales in Resources */,
				769DE8A33044896E00A74B83 /* popup.js in Resources */,
			);
			runOnlyForDeploymentPostprocessing = 0;
		};
		769DE86C3044896E00A74B83 /* Resources */ = {
			isa = PBXResourcesBuildPhase;
			buildActionMask = 2147483647;
			files = (
				769DE8A23044896E00A74B83 /* content.js in Resources */,
				769DE89C3044896E00A74B83 /* background.js in Resources */,
				769DE89E3044896E00A74B83 /* icons in Resources */,
				769DE8A03044896E00A74B83 /* popup.css in Resources */,
				769DE89F3044896E00A74B83 /* manifest.json in Resources */,
				769DE89D3044896E00A74B83 /* popup.html in Resources */,
				769DE8A13044896E00A74B83 /* _locales in Resources */,
				769DE89B3044896E00A74B83 /* popup.js in Resources */,
			);
			runOnlyForDeploymentPostprocessing = 0;
		};
/* End PBXResourcesBuildPhase section */

/* Begin PBXSourcesBuildPhase section */
		769DE8423044896E00A74B83 /* Sources */ = {
			isa = PBXSourcesBuildPhase;
			buildActionMask = 2147483647;
			files = (
				769DE87C3044896E00A74B83 /* ViewController.swift in Sources */,
				769DE84A3044896E00A74B83 /* AppDelegate.swift in Sources */,
				769DE84C3044896E00A74B83 /* SceneDelegate.swift in Sources */,
			);
			runOnlyForDeploymentPostprocessing = 0;
		};
		769DE8543044896E00A74B83 /* Sources */ = {
			isa = PBXSourcesBuildPhase;
			buildActionMask = 2147483647;
			files = (
				769DE87D3044896E00A74B83 /* ViewController.swift in Sources */,
				769DE85B3044896E00A74B83 /* AppDelegate.swift in Sources */,
			);
			runOnlyForDeploymentPostprocessing = 0;
		};
		769DE8603044896E00A74B83 /* Sources */ = {
			isa = PBXSourcesBuildPhase;
			buildActionMask = 2147483647;
			files = (
				769DE8803044896E00A74B83 /* SafariWebExtensionHandler.swift in Sources */,
			);
			runOnlyForDeploymentPostprocessing = 0;
		};
		769DE86A3044896E00A74B83 /* Sources */ = {
			isa = PBXSourcesBuildPhase;
			buildActionMask = 2147483647;
			files = (
				769DE8813044896E00A74B83 /* SafariWebExtensionHandler.swift in Sources */,
			);
			runOnlyForDeploymentPostprocessing = 0;
		};
/* End PBXSourcesBuildPhase section */

/* Begin PBXTargetDependency section */
		769DE8673044896E00A74B83 /* PBXTargetDependency */ = {
			isa = PBXTargetDependency;
			target = 769DE8633044896E00A74B83 /* QuickGlot Extension (iOS) */;
			targetProxy = 769DE8663044896E00A74B83 /* PBXContainerItemProxy */;
		};
		769DE8713044896E00A74B83 /* PBXTargetDependency */ = {
			isa = PBXTargetDependency;
			target = 769DE86D3044896E00A74B83 /* QuickGlot Extension (macOS) */;
			targetProxy = 769DE8703044896E00A74B83 /* PBXContainerItemProxy */;
		};
/* End PBXTargetDependency section */

/* Begin PBXVariantGroup section */
		769DE8393044896D00A74B83 /* Main.html */ = {
			isa = PBXVariantGroup;
			children = (
				769DE83A3044896D00A74B83 /* Base */,
			);
			name = Main.html;
			sourceTree = "<group>";
		};
		769DE84D3044896E00A74B83 /* LaunchScreen.storyboard */ = {
			isa = PBXVariantGroup;
			children = (
				769DE84E3044896E00A74B83 /* Base */,
			);
			name = LaunchScreen.storyboard;
			sourceTree = "<group>";
		};
		769DE8503044896E00A74B83 /* Main.storyboard */ = {
			isa = PBXVariantGroup;
			children = (
				769DE8513044896E00A74B83 /* Base */,
			);
			name = Main.storyboard;
			sourceTree = "<group>";
		};
		769DE85C3044896E00A74B83 /* Main.storyboard */ = {
			isa = PBXVariantGroup;
			children = (
				769DE85D3044896E00A74B83 /* Base */,
			);
			name = Main.storyboard;
			sourceTree = "<group>";
		};
/* End PBXVariantGroup section */

/* Begin XCBuildConfiguration section */
		769DE8823044896E00A74B83 /* Debug */ = {
			isa = XCBuildConfiguration;
			buildSettings = {
				ALWAYS_SEARCH_USER_PATHS = NO;
				ASSETCATALOG_COMPILER_GENERATE_SWIFT_ASSET_SYMBOL_EXTENSIONS = YES;
				CLANG_ANALYZER_NONNULL = YES;
				CLANG_ANALYZER_NUMBER_OBJECT_CONVERSION = YES_AGGRESSIVE;
				CLANG_CXX_LANGUAGE_STANDARD = "gnu++20";
				CLANG_ENABLE_MODULES = YES;
				CLANG_ENABLE_OBJC_ARC = YES;
				CLANG_ENABLE_OBJC_WEAK = YES;
				CLANG_WARN_BLOCK_CAPTURE_AUTORELEASING = YES;
				CLANG_WARN_BOOL_CONVERSION = YES;
				CLANG_WARN_COMMA = YES;
				CLANG_WARN_CONSTANT_CONVERSION = YES;
				CLANG_WARN_DEPRECATED_OBJC_IMPLEMENTATIONS = YES;
				CLANG_WARN_DIRECT_OBJC_ISA_USAGE = YES_ERROR;
				CLANG_WARN_DOCUMENTATION_COMMENTS = YES;
				CLANG_WARN_EMPTY_BODY = YES;
				CLANG_WARN_ENUM_CONVERSION = YES;
				CLANG_WARN_INFINITE_RECURSION = YES;
				CLANG_WARN_INT_CONVERSION = YES;
				CLANG_WARN_NON_LITERAL_NULL_CONVERSION = YES;
				CLANG_WARN_OBJC_IMPLICIT_RETAIN_SELF = YES;
				CLANG_WARN_OBJC_LITERAL_CONVERSION = YES;
				CLANG_WARN_OBJC_ROOT_CLASS = YES_ERROR;
				CLANG_WARN_QUOTED_INCLUDE_IN_FRAMEWORK_HEADER = YES;
				CLANG_WARN_RANGE_LOOP_ANALYSIS = YES;
				CLANG_WARN_STRICT_PROTOTYPES = YES;
				CLANG_WARN_SUSPICIOUS_MOVE = YES;
				CLANG_WARN_UNGUARDED_AVAILABILITY = YES_AGGRESSIVE;
				CLANG_WARN_UNREACHABLE_CODE = YES;
				CLANG_WARN__DUPLICATE_METHOD_MATCH = YES;
				COPY_PHASE_STRIP = NO;
				DEBUG_INFORMATION_FORMAT = dwarf;
				ENABLE_STRICT_OBJC_MSGSEND = YES;
				ENABLE_TESTABILITY = YES;
				ENABLE_USER_SCRIPT_SANDBOXING = YES;
				GCC_C_LANGUAGE_STANDARD = gnu17;
				GCC_DYNAMIC_NO_PIC = NO;
				GCC_NO_COMMON_BLOCKS = YES;
				GCC_OPTIMIZATION_LEVEL = 0;
				GCC_PREPROCESSOR_DEFINITIONS = (
					"DEBUG=1",
					"$(inherited)",
				);
				GCC_WARN_64_TO_32_BIT_CONVERSION = YES;
				GCC_WARN_ABOUT_RETURN_TYPE = YES_ERROR;
				GCC_WARN_UNDECLARED_SELECTOR = YES;
				GCC_WARN_UNINITIALIZED_AUTOS = YES_AGGRESSIVE;
				GCC_WARN_UNUSED_FUNCTION = YES;
				GCC_WARN_UNUSED_VARIABLE = YES;
				LOCALIZATION_PREFERS_STRING_CATALOGS = YES;
				MTL_ENABLE_DEBUG_INFO = INCLUDE_SOURCE;
				MTL_FAST_MATH = YES;
				ONLY_ACTIVE_ARCH = YES;
				SWIFT_ACTIVE_COMPILATION_CONDITIONS = "DEBUG $(inherited)";
				SWIFT_OPTIMIZATION_LEVEL = "-Onone";
			};
			name = Debug;
		};
		769DE8833044896E00A74B83 /* Release */ = {
			isa = XCBuildConfiguration;
			buildSettings = {
				ALWAYS_SEARCH_USER_PATHS = NO;
				ASSETCATALOG_COMPILER_GENERATE_SWIFT_ASSET_SYMBOL_EXTENSIONS = YES;
				CLANG_ANALYZER_NONNULL = YES;
				CLANG_ANALYZER_NUMBER_OBJECT_CONVERSION = YES_AGGRESSIVE;
				CLANG_CXX_LANGUAGE_STANDARD = "gnu++20";
				CLANG_ENABLE_MODULES = YES;
				CLANG_ENABLE_OBJC_ARC = YES;
				CLANG_ENABLE_OBJC_WEAK = YES;
				CLANG_WARN_BLOCK_CAPTURE_AUTORELEASING = YES;
				CLANG_WARN_BOOL_CONVERSION = YES;
				CLANG_WARN_COMMA = YES;
				CLANG_WARN_CONSTANT_CONVERSION = YES;
				CLANG_WARN_DEPRECATED_OBJC_IMPLEMENTATIONS = YES;
				CLANG_WARN_DIRECT_OBJC_ISA_USAGE = YES_ERROR;
				CLANG_WARN_DOCUMENTATION_COMMENTS = YES;
				CLANG_WARN_EMPTY_BODY = YES;
				CLANG_WARN_ENUM_CONVERSION = YES;
				CLANG_WARN_INFINITE_RECURSION = YES;
				CLANG_WARN_INT_CONVERSION = YES;
				CLANG_WARN_NON_LITERAL_NULL_CONVERSION = YES;
				CLANG_WARN_OBJC_IMPLICIT_RETAIN_SELF = YES;
				CLANG_WARN_OBJC_LITERAL_CONVERSION = YES;
				CLANG_WARN_OBJC_ROOT_CLASS = YES_ERROR;
				CLANG_WARN_QUOTED_INCLUDE_IN_FRAMEWORK_HEADER = YES;
				CLANG_WARN_RANGE_LOOP_ANALYSIS = YES;
				CLANG_WARN_STRICT_PROTOTYPES = YES;
				CLANG_WARN_SUSPICIOUS_MOVE = YES;
				CLANG_WARN_UNGUARDED_AVAILABILITY = YES_AGGRESSIVE;
				CLANG_WARN_UNREACHABLE_CODE = YES;
				CLANG_WARN__DUPLICATE_METHOD_MATCH = YES;
				COPY_PHASE_STRIP = NO;
				DEBUG_INFORMATION_FORMAT = "dwarf-with-dsym";
				ENABLE_NS_ASSERTIONS = NO;
				ENABLE_STRICT_OBJC_MSGSEND = YES;
				ENABLE_USER_SCRIPT_SANDBOXING = YES;
				GCC_C_LANGUAGE_STANDARD = gnu17;
				GCC_NO_COMMON_BLOCKS = YES;
				GCC_WARN_64_TO_32_BIT_CONVERSION = YES;
				GCC_WARN_ABOUT_RETURN_TYPE = YES_ERROR;
				GCC_WARN_UNDECLARED_SELECTOR = YES;
				GCC_WARN_UNINITIALIZED_AUTOS = YES_AGGRESSIVE;
				GCC_WARN_UNUSED_FUNCTION = YES;
				GCC_WARN_UNUSED_VARIABLE = YES;
				LOCALIZATION_PREFERS_STRING_CATALOGS = YES;
				MTL_ENABLE_DEBUG_INFO = NO;
				MTL_FAST_MATH = YES;
				SWIFT_COMPILATION_MODE = wholemodule;
			};
			name = Release;
		};
		769DE8853044896E00A74B83 /* Debug */ = {
			isa = XCBuildConfiguration;
			buildSettings = {
				CODE_SIGN_STYLE = Automatic;
				CURRENT_PROJECT_VERSION = 1;
				GENERATE_INFOPLIST_FILE = YES;
				INFOPLIST_FILE = "iOS (Extension)/Info.plist";
				INFOPLIST_KEY_CFBundleDisplayName = "QuickGlot Extension";
				INFOPLIST_KEY_NSHumanReadableCopyright = "";
				IPHONEOS_DEPLOYMENT_TARGET = 26.0;
				LD_RUNPATH_SEARCH_PATHS = (
					"$(inherited)",
					"@executable_path/Frameworks",
					"@executable_path/../../Frameworks",
				);
				MARKETING_VERSION = 1.0;
				OTHER_LDFLAGS = (
					"-framework",
					SafariServices,
				);
				CODE_SIGN_ENTITLEMENTS = "iOS (Extension)/QuickGlotExtension-iOS.entitlements";
				PRODUCT_BUNDLE_IDENTIFIER = com.no1joon.quickglot.Extension;
				PRODUCT_NAME = "QuickGlot Extension";
				SDKROOT = iphoneos;
				SKIP_INSTALL = YES;
				STRING_CATALOG_GENERATE_SYMBOLS = YES;
				SWIFT_APPROACHABLE_CONCURRENCY = YES;
				SWIFT_EMIT_LOC_STRINGS = YES;
				SWIFT_UPCOMING_FEATURE_MEMBER_IMPORT_VISIBILITY = YES;
				SWIFT_VERSION = 5.0;
				TARGETED_DEVICE_FAMILY = "1";
			};
			name = Debug;
		};
		769DE8863044896E00A74B83 /* Release */ = {
			isa = XCBuildConfiguration;
			buildSettings = {
				CODE_SIGN_STYLE = Automatic;
				CURRENT_PROJECT_VERSION = 1;
				GENERATE_INFOPLIST_FILE = YES;
				INFOPLIST_FILE = "iOS (Extension)/Info.plist";
				INFOPLIST_KEY_CFBundleDisplayName = "QuickGlot Extension";
				INFOPLIST_KEY_NSHumanReadableCopyright = "";
				IPHONEOS_DEPLOYMENT_TARGET = 26.0;
				LD_RUNPATH_SEARCH_PATHS = (
					"$(inherited)",
					"@executable_path/Frameworks",
					"@executable_path/../../Frameworks",
				);
				MARKETING_VERSION = 1.0;
				OTHER_LDFLAGS = (
					"-framework",
					SafariServices,
				);
				CODE_SIGN_ENTITLEMENTS = "iOS (Extension)/QuickGlotExtension-iOS.entitlements";
				PRODUCT_BUNDLE_IDENTIFIER = com.no1joon.quickglot.Extension;
				PRODUCT_NAME = "QuickGlot Extension";
				SDKROOT = iphoneos;
				SKIP_INSTALL = YES;
				STRING_CATALOG_GENERATE_SYMBOLS = YES;
				SWIFT_APPROACHABLE_CONCURRENCY = YES;
				SWIFT_EMIT_LOC_STRINGS = YES;
				SWIFT_UPCOMING_FEATURE_MEMBER_IMPORT_VISIBILITY = YES;
				SWIFT_VERSION = 5.0;
				TARGETED_DEVICE_FAMILY = "1";
				VALIDATE_PRODUCT = YES;
			};
			name = Release;
		};
		769DE8893044896E00A74B83 /* Debug */ = {
			isa = XCBuildConfiguration;
			buildSettings = {
				ASSETCATALOG_COMPILER_APPICON_NAME = AppIcon;
				ASSETCATALOG_COMPILER_GLOBAL_ACCENT_COLOR_NAME = AccentColor;
				CODE_SIGN_STYLE = Automatic;
				CURRENT_PROJECT_VERSION = 1;
				GENERATE_INFOPLIST_FILE = YES;
				INFOPLIST_FILE = "iOS (App)/Info.plist";
				INFOPLIST_KEY_CFBundleDisplayName = QuickGlot;
				INFOPLIST_KEY_UIApplicationSupportsIndirectInputEvents = YES;
				INFOPLIST_KEY_UILaunchStoryboardName = LaunchScreen;
				INFOPLIST_KEY_UIMainStoryboardFile = Main;
				INFOPLIST_KEY_UISupportedInterfaceOrientations = "UIInterfaceOrientationPortrait UIInterfaceOrientationLandscapeLeft UIInterfaceOrientationLandscapeRight";
				INFOPLIST_KEY_UISupportedInterfaceOrientations_iPad = "UIInterfaceOrientationPortrait UIInterfaceOrientationPortraitUpsideDown UIInterfaceOrientationLandscapeLeft UIInterfaceOrientationLandscapeRight";
				IPHONEOS_DEPLOYMENT_TARGET = 26.0;
				LD_RUNPATH_SEARCH_PATHS = (
					"$(inherited)",
					"@executable_path/Frameworks",
				);
				MARKETING_VERSION = 1.0;
				OTHER_LDFLAGS = (
					"-framework",
					SafariServices,
					"-framework",
					WebKit,
				);
				CODE_SIGN_ENTITLEMENTS = "iOS (App)/QuickGlot-iOS.entitlements";
				PRODUCT_BUNDLE_IDENTIFIER = com.no1joon.quickglot;
				PRODUCT_NAME = QuickGlot;
				SDKROOT = iphoneos;
				STRING_CATALOG_GENERATE_SYMBOLS = YES;
				SWIFT_APPROACHABLE_CONCURRENCY = YES;
				SWIFT_DEFAULT_ACTOR_ISOLATION = MainActor;
				SWIFT_EMIT_LOC_STRINGS = YES;
				SWIFT_UPCOMING_FEATURE_MEMBER_IMPORT_VISIBILITY = YES;
				SWIFT_VERSION = 5.0;
				TARGETED_DEVICE_FAMILY = "1";
			};
			name = Debug;
		};
		769DE88A3044896E00A74B83 /* Release */ = {
			isa = XCBuildConfiguration;
			buildSettings = {
				ASSETCATALOG_COMPILER_APPICON_NAME = AppIcon;
				ASSETCATALOG_COMPILER_GLOBAL_ACCENT_COLOR_NAME = AccentColor;
				CODE_SIGN_STYLE = Automatic;
				CURRENT_PROJECT_VERSION = 1;
				GENERATE_INFOPLIST_FILE = YES;
				INFOPLIST_FILE = "iOS (App)/Info.plist";
				INFOPLIST_KEY_CFBundleDisplayName = QuickGlot;
				INFOPLIST_KEY_UIApplicationSupportsIndirectInputEvents = YES;
				INFOPLIST_KEY_UILaunchStoryboardName = LaunchScreen;
				INFOPLIST_KEY_UIMainStoryboardFile = Main;
				INFOPLIST_KEY_UISupportedInterfaceOrientations = "UIInterfaceOrientationPortrait UIInterfaceOrientationLandscapeLeft UIInterfaceOrientationLandscapeRight";
				INFOPLIST_KEY_UISupportedInterfaceOrientations_iPad = "UIInterfaceOrientationPortrait UIInterfaceOrientationPortraitUpsideDown UIInterfaceOrientationLandscapeLeft UIInterfaceOrientationLandscapeRight";
				IPHONEOS_DEPLOYMENT_TARGET = 26.0;
				LD_RUNPATH_SEARCH_PATHS = (
					"$(inherited)",
					"@executable_path/Frameworks",
				);
				MARKETING_VERSION = 1.0;
				OTHER_LDFLAGS = (
					"-framework",
					SafariServices,
					"-framework",
					WebKit,
				);
				CODE_SIGN_ENTITLEMENTS = "iOS (App)/QuickGlot-iOS.entitlements";
				PRODUCT_BUNDLE_IDENTIFIER = com.no1joon.quickglot;
				PRODUCT_NAME = QuickGlot;
				SDKROOT = iphoneos;
				STRING_CATALOG_GENERATE_SYMBOLS = YES;
				SWIFT_APPROACHABLE_CONCURRENCY = YES;
				SWIFT_DEFAULT_ACTOR_ISOLATION = MainActor;
				SWIFT_EMIT_LOC_STRINGS = YES;
				SWIFT_UPCOMING_FEATURE_MEMBER_IMPORT_VISIBILITY = YES;
				SWIFT_VERSION = 5.0;
				TARGETED_DEVICE_FAMILY = "1";
				VALIDATE_PRODUCT = YES;
			};
			name = Release;
		};
		769DE88C3044896E00A74B83 /* Debug */ = {
			isa = XCBuildConfiguration;
			buildSettings = {
				CODE_SIGN_STYLE = Automatic;
				CURRENT_PROJECT_VERSION = 1;
				ENABLE_APP_SANDBOX = YES;
				ENABLE_HARDENED_RUNTIME = YES;
				ENABLE_USER_SELECTED_FILES = NO;
				GENERATE_INFOPLIST_FILE = YES;
				INFOPLIST_FILE = "macOS (Extension)/Info.plist";
				INFOPLIST_KEY_CFBundleDisplayName = "QuickGlot Extension";
				INFOPLIST_KEY_NSHumanReadableCopyright = "";
				LD_RUNPATH_SEARCH_PATHS = (
					"$(inherited)",
					"@executable_path/../Frameworks",
					"@executable_path/../../../../Frameworks",
				);
				MACOSX_DEPLOYMENT_TARGET = 26.0;
				MARKETING_VERSION = 1.0;
				OTHER_LDFLAGS = (
					"-framework",
					SafariServices,
				);
				CODE_SIGN_ENTITLEMENTS = "macOS (Extension)/QuickGlotExtension-macOS.entitlements";
				PRODUCT_BUNDLE_IDENTIFIER = com.no1joon.quickglot.Extension;
				PRODUCT_NAME = "QuickGlot Extension";
				SDKROOT = macosx;
				SKIP_INSTALL = YES;
				STRING_CATALOG_GENERATE_SYMBOLS = YES;
				SWIFT_APPROACHABLE_CONCURRENCY = YES;
				SWIFT_EMIT_LOC_STRINGS = YES;
				SWIFT_UPCOMING_FEATURE_MEMBER_IMPORT_VISIBILITY = YES;
				SWIFT_VERSION = 5.0;
			};
			name = Debug;
		};
		769DE88D3044896E00A74B83 /* Release */ = {
			isa = XCBuildConfiguration;
			buildSettings = {
				CODE_SIGN_STYLE = Automatic;
				CURRENT_PROJECT_VERSION = 1;
				ENABLE_APP_SANDBOX = YES;
				ENABLE_HARDENED_RUNTIME = YES;
				ENABLE_USER_SELECTED_FILES = NO;
				GENERATE_INFOPLIST_FILE = YES;
				INFOPLIST_FILE = "macOS (Extension)/Info.plist";
				INFOPLIST_KEY_CFBundleDisplayName = "QuickGlot Extension";
				INFOPLIST_KEY_NSHumanReadableCopyright = "";
				LD_RUNPATH_SEARCH_PATHS = (
					"$(inherited)",
					"@executable_path/../Frameworks",
					"@executable_path/../../../../Frameworks",
				);
				MACOSX_DEPLOYMENT_TARGET = 26.0;
				MARKETING_VERSION = 1.0;
				OTHER_LDFLAGS = (
					"-framework",
					SafariServices,
				);
				CODE_SIGN_ENTITLEMENTS = "macOS (Extension)/QuickGlotExtension-macOS.entitlements";
				PRODUCT_BUNDLE_IDENTIFIER = com.no1joon.quickglot.Extension;
				PRODUCT_NAME = "QuickGlot Extension";
				SDKROOT = macosx;
				SKIP_INSTALL = YES;
				STRING_CATALOG_GENERATE_SYMBOLS = YES;
				SWIFT_APPROACHABLE_CONCURRENCY = YES;
				SWIFT_EMIT_LOC_STRINGS = YES;
				SWIFT_UPCOMING_FEATURE_MEMBER_IMPORT_VISIBILITY = YES;
				SWIFT_VERSION = 5.0;
			};
			name = Release;
		};
		769DE8903044896E00A74B83 /* Debug */ = {
			isa = XCBuildConfiguration;
			buildSettings = {
				ASSETCATALOG_COMPILER_APPICON_NAME = AppIcon;
				ASSETCATALOG_COMPILER_GLOBAL_ACCENT_COLOR_NAME = AccentColor;
				CODE_SIGN_STYLE = Automatic;
				CURRENT_PROJECT_VERSION = 1;
				ENABLE_APP_SANDBOX = YES;
				ENABLE_HARDENED_RUNTIME = YES;
				ENABLE_OUTGOING_NETWORK_CONNECTIONS = NO;
				ENABLE_USER_SELECTED_FILES = NO;
				GENERATE_INFOPLIST_FILE = YES;
				INFOPLIST_FILE = "macOS (App)/Info.plist";
				INFOPLIST_KEY_CFBundleDisplayName = QuickGlot;
				INFOPLIST_KEY_NSMainStoryboardFile = Main;
				INFOPLIST_KEY_NSPrincipalClass = NSApplication;
				LD_RUNPATH_SEARCH_PATHS = (
					"$(inherited)",
					"@executable_path/../Frameworks",
				);
				MACOSX_DEPLOYMENT_TARGET = 26.0;
				MARKETING_VERSION = 1.0;
				OTHER_LDFLAGS = (
					"-framework",
					SafariServices,
					"-framework",
					WebKit,
				);
				CODE_SIGN_ENTITLEMENTS = "macOS (App)/QuickGlot-macOS.entitlements";
				PRODUCT_BUNDLE_IDENTIFIER = com.no1joon.quickglot;
				PRODUCT_NAME = QuickGlot;
				REGISTER_APP_GROUPS = YES;
				SDKROOT = macosx;
				STRING_CATALOG_GENERATE_SYMBOLS = YES;
				SWIFT_APPROACHABLE_CONCURRENCY = YES;
				SWIFT_DEFAULT_ACTOR_ISOLATION = MainActor;
				SWIFT_EMIT_LOC_STRINGS = YES;
				SWIFT_UPCOMING_FEATURE_MEMBER_IMPORT_VISIBILITY = YES;
				SWIFT_VERSION = 5.0;
			};
			name = Debug;
		};
		769DE8913044896E00A74B83 /* Release */ = {
			isa = XCBuildConfiguration;
			buildSettings = {
				ASSETCATALOG_COMPILER_APPICON_NAME = AppIcon;
				ASSETCATALOG_COMPILER_GLOBAL_ACCENT_COLOR_NAME = AccentColor;
				CODE_SIGN_STYLE = Automatic;
				CURRENT_PROJECT_VERSION = 1;
				ENABLE_APP_SANDBOX = YES;
				ENABLE_HARDENED_RUNTIME = YES;
				ENABLE_OUTGOING_NETWORK_CONNECTIONS = NO;
				ENABLE_USER_SELECTED_FILES = NO;
				GENERATE_INFOPLIST_FILE = YES;
				INFOPLIST_FILE = "macOS (App)/Info.plist";
				INFOPLIST_KEY_CFBundleDisplayName = QuickGlot;
				INFOPLIST_KEY_NSMainStoryboardFile = Main;
				INFOPLIST_KEY_NSPrincipalClass = NSApplication;
				LD_RUNPATH_SEARCH_PATHS = (
					"$(inherited)",
					"@executable_path/../Frameworks",
				);
				MACOSX_DEPLOYMENT_TARGET = 26.0;
				MARKETING_VERSION = 1.0;
				OTHER_LDFLAGS = (
					"-framework",
					SafariServices,
					"-framework",
					WebKit,
				);
				CODE_SIGN_ENTITLEMENTS = "macOS (App)/QuickGlot-macOS.entitlements";
				PRODUCT_BUNDLE_IDENTIFIER = com.no1joon.quickglot;
				PRODUCT_NAME = QuickGlot;
				REGISTER_APP_GROUPS = YES;
				SDKROOT = macosx;
				STRING_CATALOG_GENERATE_SYMBOLS = YES;
				SWIFT_APPROACHABLE_CONCURRENCY = YES;
				SWIFT_DEFAULT_ACTOR_ISOLATION = MainActor;
				SWIFT_EMIT_LOC_STRINGS = YES;
				SWIFT_UPCOMING_FEATURE_MEMBER_IMPORT_VISIBILITY = YES;
				SWIFT_VERSION = 5.0;
			};
			name = Release;
		};
/* End XCBuildConfiguration section */

/* Begin XCConfigurationList section */
		769DE8363044896D00A74B83 /* Build configuration list for PBXProject "QuickGlot" */ = {
			isa = XCConfigurationList;
			buildConfigurations = (
				769DE8823044896E00A74B83 /* Debug */,
				769DE8833044896E00A74B83 /* Release */,
			);
			defaultConfigurationIsVisible = 0;
			defaultConfigurationName = Release;
		};
		769DE8843044896E00A74B83 /* Build configuration list for PBXNativeTarget "QuickGlot Extension (iOS)" */ = {
			isa = XCConfigurationList;
			buildConfigurations = (
				769DE8853044896E00A74B83 /* Debug */,
				769DE8863044896E00A74B83 /* Release */,
			);
			defaultConfigurationIsVisible = 0;
			defaultConfigurationName = Release;
		};
		769DE8883044896E00A74B83 /* Build configuration list for PBXNativeTarget "QuickGlot (iOS)" */ = {
			isa = XCConfigurationList;
			buildConfigurations = (
				769DE8893044896E00A74B83 /* Debug */,
				769DE88A3044896E00A74B83 /* Release */,
			);
			defaultConfigurationIsVisible = 0;
			defaultConfigurationName = Release;
		};
		769DE88B3044896E00A74B83 /* Build configuration list for PBXNativeTarget "QuickGlot Extension (macOS)" */ = {
			isa = XCConfigurationList;
			buildConfigurations = (
				769DE88C3044896E00A74B83 /* Debug */,
				769DE88D3044896E00A74B83 /* Release */,
			);
			defaultConfigurationIsVisible = 0;
			defaultConfigurationName = Release;
		};
		769DE88F3044896E00A74B83 /* Build configuration list for PBXNativeTarget "QuickGlot (macOS)" */ = {
			isa = XCConfigurationList;
			buildConfigurations = (
				769DE8903044896E00A74B83 /* Debug */,
				769DE8913044896E00A74B83 /* Release */,
			);
			defaultConfigurationIsVisible = 0;
			defaultConfigurationName = Release;
		};
/* End XCConfigurationList section */
	};
	rootObject = 769DE8333044896D00A74B83 /* Project object */;
}
